
Microsoft Visual Studio Solution File, Format Version 12.00
# Visual Studio Version 17
VisualStudioVersion = 17.2.32630.192
MinimumVisualStudioVersion = 10.0.40219.1
Project("{9A19103F-16F7-4668-BE54-9A1E7A4F7556}") = "R5T.Z0060", "R5T.Z0060\R5T.Z0060.csproj", "{850AA2FB-760F-4CDF-9F30-A1EB4C4D8F4E}"
EndProject
Project("{2150E333-8FDC-42A3-9474-1A3956D46DE8}") = "_Dependencies", "_Dependencies", "{8CA8D576-8588-4A8E-A504-3D2CC8E08466}"
EndProject
Project("{9A19103F-16F7-4668-BE54-9A1E7A4F7556}") = "R5T.F0000", "..\..\R5T.F0000\source\R5T.F0000\R5T.F0000.csproj", "{9B202E48-003E-4816-A030-D3C4EF450332}"
EndProject
Project("{9A19103F-16F7-4668-BE54-9A1E7A4F7556}") = "R5T.F0002", "..\..\R5T.F0002\source\R5T.F0002\R5T.F0002.csproj", "{D7070E1E-749C-4F33-80FA-6A90D143A543}"
EndProject
Project("{9A19103F-16F7-4668-BE54-9A1E7A4F7556}") = "R5T.F0120", "..\..\R5T.F0120\source\R5T.F0120\R5T.F0120.csproj", "{DB217668-D793-423B-B243-0276ADCABDCB}"
EndProject
Project("{9A19103F-16F7-4668-BE54-9A1E7A4F7556}") = "R5T.F0124", "..\..\R5T.F0124\source\R5T.F0124\R5T.F0124.csproj", "{C135B04F-E076-49B0-9D47-DF3797C74C82}"
EndProject
Project("{9A19103F-16F7-4668-BE54-9A1E7A4F7556}") = "R5T.F0125", "..\..\R5T.F0125\source\R5T.F0125\R5T.F0125.csproj", "{1AE2F2F6-9E13-4195-81CF-F798218FEE45}"
EndProject
Project("{9A19103F-16F7-4668-BE54-9A1E7A4F7556}") = "R5T.L0030.T000", "..\..\R5T.L0030\source\R5T.L0030.T000\R5T.L0030.T000.csproj", "{3C4FF540-6B2C-4813-9D91-6202A0B874F4}"
EndProject
Project("{9A19103F-16F7-4668-BE54-9A1E7A4F7556}") = "R5T.L0030", "..\..\R5T.L0030\source\R5T.L0030\R5T.L0030.csproj", "{184673D1-F041-4A98-8DBB-A15C25C62B77}"
EndProject
Project("{9A19103F-16F7-4668-BE54-9A1E7A4F7556}") = "R5T.L0034", "..\..\R5T.L0034\source\R5T.L0034\R5T.L0034.csproj", "{B257C133-277F-4B72-9AC9-6A11A003AE46}"
EndProject
Project("{9A19103F-16F7-4668-BE54-9A1E7A4F7556}") = "R5T.L0035", "..\..\R5T.L0035\source\R5T.L0035\R5T.L0035.csproj", "{EA38B04C-43D8-4264-B2A8-BE77F26B26E0}"
EndProject
Project("{9A19103F-16F7-4668-BE54-9A1E7A4F7556}") = "R5T.NG0022", "..\..\R5T.NG0022\source\R5T.NG0022\R5T.NG0022.csproj", "{44EDE05A-5689-4927-B565-1411265D8A01}"
EndProject
Project("{9A19103F-16F7-4668-BE54-9A1E7A4F7556}") = "R5T.T0131", "..\..\R5T.T0131\source\R5T.T0131\R5T.T0131.csproj", "{2FD4E3A2-589A-453C-B61D-BC59A21BABEB}"
EndProject
Project("{9A19103F-16F7-4668-BE54-9A1E7A4F7556}") = "R5T.T0132", "..\..\R5T.T0132\source\R5T.T0132\R5T.T0132.csproj", "{F686417B-0BA3-412D-B996-E3511C40399E}"
EndProject
Project("{9A19103F-16F7-4668-BE54-9A1E7A4F7556}") = "R5T.T0142", "..\..\R5T.T0142\source\R5T.T0142\R5T.T0142.csproj", "{558EDFB9-1A25-46B7-B549-090A1C40ED58}"
EndProject
Project("{9A19103F-16F7-4668-BE54-9A1E7A4F7556}") = "R5T.T0143", "..\..\R5T.T0143\source\R5T.T0143\R5T.T0143.csproj", "{7345156D-BDDA-40B9-A5DD-170DC1A5CD51}"
EndProject
Project("{9A19103F-16F7-4668-BE54-9A1E7A4F7556}") = "R5T.T0150", "..\..\R5T.T0150\source\R5T.T0150\R5T.T0150.csproj", "{BB9458B8-2F1E-4C2E-BEF6-77C56D19D9C5}"
EndProject
Project("{9A19103F-16F7-4668-BE54-9A1E7A4F7556}") = "R5T.T0151", "..\..\R5T.T0151\source\R5T.T0151\R5T.T0151.csproj", "{76C9263F-4203-4790-8045-3DF0A742E975}"
EndProject
Project("{9A19103F-16F7-4668-BE54-9A1E7A4F7556}") = "R5T.T0156", "..\..\R5T.T0156\source\R5T.T0156\R5T.T0156.csproj", "{C230EC6E-23B6-432C-91A3-1D9B040E3F52}"
EndProject
Project("{9A19103F-16F7-4668-BE54-9A1E7A4F7556}") = "R5T.T0162", "..\..\R5T.T0162\source\R5T.T0162\R5T.T0162.csproj", "{417AAA86-5F01-445E-8227-18C3AA72489E}"
EndProject
Project("{9A19103F-16F7-4668-BE54-9A1E7A4F7556}") = "R5T.T0172", "..\..\R5T.T0172\source\R5T.T0172\R5T.T0172.csproj", "{BC7B8278-D40C-467F-9314-F59AB5EDCAEB}"
EndProject
Project("{9A19103F-16F7-4668-BE54-9A1E7A4F7556}") = "R5T.T0174", "..\..\R5T.T0174\source\R5T.T0174\R5T.T0174.csproj", "{914583C6-B9A1-4842-9450-F2910D1B85C7}"
EndProject
Project("{9A19103F-16F7-4668-BE54-9A1E7A4F7556}") = "R5T.T0176", "..\..\R5T.T0176\source\R5T.T0176\R5T.T0176.csproj", "{4C8106E0-B45C-4065-8892-EBCF02C3FB6A}"
EndProject
Project("{9A19103F-16F7-4668-BE54-9A1E7A4F7556}") = "R5T.T0177", "..\..\R5T.T0177\source\R5T.T0177\R5T.T0177.csproj", "{B48FD5C3-96E0-4AEF-9DA8-7D8ED0A77274}"
EndProject
Project("{9A19103F-16F7-4668-BE54-9A1E7A4F7556}") = "R5T.T0178", "..\..\R5T.T0178\source\R5T.T0178\R5T.T0178.csproj", "{5FF72AC0-EB30-4A3B-B90D-7AD671DC7C07}"
EndProject
Project("{9A19103F-16F7-4668-BE54-9A1E7A4F7556}") = "R5T.T0179", "..\..\R5T.T0179\source\R5T.T0179\R5T.T0179.csproj", "{D54F76E1-8758-4BC4-A658-35BEA474904C}"
EndProject
Project("{9A19103F-16F7-4668-BE54-9A1E7A4F7556}") = "R5T.T0180", "..\..\R5T.T0180\source\R5T.T0180\R5T.T0180.csproj", "{61997AFA-FAF3-45D1-9BDA-6290AE08CB1C}"
EndProject
Project("{9A19103F-16F7-4668-BE54-9A1E7A4F7556}") = "R5T.T0181", "..\..\R5T.T0181\source\R5T.T0181\R5T.T0181.csproj", "{0EAC73F9-0FD2-4D98-A1A7-8B46D5C9B204}"
EndProject
Project("{9A19103F-16F7-4668-BE54-9A1E7A4F7556}") = "R5T.T0185", "..\..\R5T.T0185\source\R5T.T0185\R5T.T0185.csproj", "{2019DD8E-9998-4DC4-8EF4-79B821D59D7F}"
EndProject
Project("{9A19103F-16F7-4668-BE54-9A1E7A4F7556}") = "R5T.T0199", "..\..\R5T.T0199\source\R5T.T0199\R5T.T0199.csproj", "{6ED9E1FA-16A7-4716-8929-A0B573E623CB}"
EndProject
Project("{9A19103F-16F7-4668-BE54-9A1E7A4F7556}") = "R5T.T0203", "..\..\R5T.T0203\source\R5T.T0203\R5T.T0203.csproj", "{60799D04-B2F7-43E4-9897-8B8400C53341}"
EndProject
Project("{9A19103F-16F7-4668-BE54-9A1E7A4F7556}") = "R5T.T0211", "..\..\R5T.T0211\source\R5T.T0211\R5T.T0211.csproj", "{052DEB05-34D3-4B66-80F3-85BE2725D450}"
EndProject
Project("{9A19103F-16F7-4668-BE54-9A1E7A4F7556}") = "R5T.T0212.F000", "..\..\R5T.T0212\source\R5T.T0212.F000\R5T.T0212.F000.csproj", "{A62333D9-F705-4CB6-8B43-136210E3FBF8}"
EndProject
Project("{9A19103F-16F7-4668-BE54-9A1E7A4F7556}") = "R5T.T0212.Z000", "..\..\R5T.T0212\source\R5T.T0212.Z000\R5T.T0212.Z000.csproj", "{CD6D0489-2EC8-4787-BDDD-0FF0E65BEA0C}"
EndProject
Project("{9A19103F-16F7-4668-BE54-9A1E7A4F7556}") = "R5T.T0212", "..\..\R5T.T0212\source\R5T.T0212\R5T.T0212.csproj", "{94C12ECF-2034-42B5-BCE4-663AC7EE5416}"
EndProject
Project("{9A19103F-16F7-4668-BE54-9A1E7A4F7556}") = "R5T.T0213", "..\..\R5T.T0213\source\R5T.T0213\R5T.T0213.csproj", "{C83729E8-34D2-4CC3-B76F-D3A20E1E2677}"
EndProject
Project("{9A19103F-16F7-4668-BE54-9A1E7A4F7556}") = "R5T.T0218", "..\..\R5T.T0218\source\R5T.T0218\R5T.T0218.csproj", "{1AC6DAD9-F380-4DA9-98C6-2BE0AE7FABF0}"
EndProject
Project("{9A19103F-16F7-4668-BE54-9A1E7A4F7556}") = "R5T.T0220", "..\..\R5T.T0220\source\R5T.T0220\R5T.T0220.csproj", "{49AD92DB-42F8-4CD1-A968-A96D96023A40}"
EndProject
Project("{9A19103F-16F7-4668-BE54-9A1E7A4F7556}") = "R5T.T0221", "..\..\R5T.T0221\source\R5T.T0221\R5T.T0221.csproj", "{07FAA410-A064-4BEF-9808-BD2C3FA6F184}"
EndProject
Project("{9A19103F-16F7-4668-BE54-9A1E7A4F7556}") = "R5T.Y0000", "..\..\R5T.Y0000\source\R5T.Y0000\R5T.Y0000.csproj", "{DDE9EBC4-E3D2-4BE9-9623-A4C9F58E2811}"
EndProject
Project("{9A19103F-16F7-4668-BE54-9A1E7A4F7556}") = "R5T.Z0000", "..\..\R5T.Z0000\source\R5T.Z0000\R5T.Z0000.csproj", "{34C0020D-1A46-4E01-86D4-BB0BA4ADFB68}"
EndProject
Project("{9A19103F-16F7-4668-BE54-9A1E7A4F7556}") = "R5T.Z0055", "..\..\R5T.Z0055\source\R5T.Z0055\R5T.Z0055.csproj", "{21572122-D4F7-4818-91A9-012FBA2D1061}"
EndProject
Project("{9A19103F-16F7-4668-BE54-9A1E7A4F7556}") = "R5T.Z0056", "..\..\R5T.Z0056\source\R5T.Z0056\R5T.Z0056.csproj", "{6A636B91-E1C2-4815-B8E3-AE2EF906FF5A}"
EndProject
Global
	GlobalSection(NestedProjects) = preSolution
		{9B202E48-003E-4816-A030-D3C4EF450332} = {8CA8D576-8588-4A8E-A504-3D2CC8E08466}
		{D7070E1E-749C-4F33-80FA-6A90D143A543} = {8CA8D576-8588-4A8E-A504-3D2CC8E08466}
		{DB217668-D793-423B-B243-0276ADCABDCB} = {8CA8D576-8588-4A8E-A504-3D2CC8E08466}
		{C135B04F-E076-49B0-9D47-DF3797C74C82} = {8CA8D576-8588-4A8E-A504-3D2CC8E08466}
		{1AE2F2F6-9E13-4195-81CF-F798218FEE45} = {8CA8D576-8588-4A8E-A504-3D2CC8E08466}
		{3C4FF540-6B2C-4813-9D91-6202A0B874F4} = {8CA8D576-8588-4A8E-A504-3D2CC8E08466}
		{184673D1-F041-4A98-8DBB-A15C25C62B77} = {8CA8D576-8588-4A8E-A504-3D2CC8E08466}
		{B257C133-277F-4B72-9AC9-6A11A003AE46} = {8CA8D576-8588-4A8E-A504-3D2CC8E08466}
		{EA38B04C-43D8-4264-B2A8-BE77F26B26E0} = {8CA8D576-8588-4A8E-A504-3D2CC8E08466}
		{44EDE05A-5689-4927-B565-1411265D8A01} = {8CA8D576-8588-4A8E-A504-3D2CC8E08466}
		{2FD4E3A2-589A-453C-B61D-BC59A21BABEB} = {8CA8D576-8588-4A8E-A504-3D2CC8E08466}
		{F686417B-0BA3-412D-B996-E3511C40399E} = {8CA8D576-8588-4A8E-A504-3D2CC8E08466}
		{558EDFB9-1A25-46B7-B549-090A1C40ED58} = {8CA8D576-8588-4A8E-A504-3D2CC8E08466}
		{7345156D-BDDA-40B9-A5DD-170DC1A5CD51} = {8CA8D576-8588-4A8E-A504-3D2CC8E08466}
		{BB9458B8-2F1E-4C2E-BEF6-77C56D19D9C5} = {8CA8D576-8588-4A8E-A504-3D2CC8E08466}
		{76C9263F-4203-4790-8045-3DF0A742E975} = {8CA8D576-8588-4A8E-A504-3D2CC8E08466}
		{C230EC6E-23B6-432C-91A3-1D9B040E3F52} = {8CA8D576-8588-4A8E-A504-3D2CC8E08466}
		{417AAA86-5F01-445E-8227-18C3AA72489E} = {8CA8D576-8588-4A8E-A504-3D2CC8E08466}
		{BC7B8278-D40C-467F-9314-F59AB5EDCAEB} = {8CA8D576-8588-4A8E-A504-3D2CC8E08466}
		{914583C6-B9A1-4842-9450-F2910D1B85C7} = {8CA8D576-8588-4A8E-A504-3D2CC8E08466}
		{4C8106E0-B45C-4065-8892-EBCF02C3FB6A} = {8CA8D576-8588-4A8E-A504-3D2CC8E08466}
		{B48FD5C3-96E0-4AEF-9DA8-7D8ED0A77274} = {8CA8D576-8588-4A8E-A504-3D2CC8E08466}
		{5FF72AC0-EB30-4A3B-B90D-7AD671DC7C07} = {8CA8D576-8588-4A8E-A504-3D2CC8E08466}
		{D54F76E1-8758-4BC4-A658-35BEA474904C} = {8CA8D576-8588-4A8E-A504-3D2CC8E08466}
		{61997AFA-FAF3-45D1-9BDA-6290AE08CB1C} = {8CA8D576-8588-4A8E-A504-3D2CC8E08466}
		{0EAC73F9-0FD2-4D98-A1A7-8B46D5C9B204} = {8CA8D576-8588-4A8E-A504-3D2CC8E08466}
		{2019DD8E-9998-4DC4-8EF4-79B821D59D7F} = {8CA8D576-8588-4A8E-A504-3D2CC8E08466}
		{6ED9E1FA-16A7-4716-8929-A0B573E623CB} = {8CA8D576-8588-4A8E-A504-3D2CC8E08466}
		{60799D04-B2F7-43E4-9897-8B8400C53341} = {8CA8D576-8588-4A8E-A504-3D2CC8E08466}
		{052DEB05-34D3-4B66-80F3-85BE2725D450} = {8CA8D576-8588-4A8E-A504-3D2CC8E08466}
		{A62333D9-F705-4CB6-8B43-136210E3FBF8} = {8CA8D576-8588-4A8E-A504-3D2CC8E08466}
		{CD6D0489-2EC8-4787-BDDD-0FF0E65BEA0C} = {8CA8D576-8588-4A8E-A504-3D2CC8E08466}
		{94C12ECF-2034-42B5-BCE4-663AC7EE5416} = {8CA8D576-8588-4A8E-A504-3D2CC8E08466}
		{C83729E8-34D2-4CC3-B76F-D3A20E1E2677} = {8CA8D576-8588-4A8E-A504-3D2CC8E08466}
		{1AC6DAD9-F380-4DA9-98C6-2BE0AE7FABF0} = {8CA8D576-8588-4A8E-A504-3D2CC8E08466}
		{49AD92DB-42F8-4CD1-A968-A96D96023A40} = {8CA8D576-8588-4A8E-A504-3D2CC8E08466}
		{07FAA410-A064-4BEF-9808-BD2C3FA6F184} = {8CA8D576-8588-4A8E-A504-3D2CC8E08466}
		{DDE9EBC4-E3D2-4BE9-9623-A4C9F58E2811} = {8CA8D576-8588-4A8E-A504-3D2CC8E08466}
		{34C0020D-1A46-4E01-86D4-BB0BA4ADFB68} = {8CA8D576-8588-4A8E-A504-3D2CC8E08466}
		{21572122-D4F7-4818-91A9-012FBA2D1061} = {8CA8D576-8588-4A8E-A504-3D2CC8E08466}
		{6A636B91-E1C2-4815-B8E3-AE2EF906FF5A} = {8CA8D576-8588-4A8E-A504-3D2CC8E08466}
	EndGlobalSection
	GlobalSection(SolutionConfigurationPlatforms) = preSolution
		Debug|Any CPU = Debug|Any CPU
		Release|Any CPU = Release|Any CPU
	EndGlobalSection
	GlobalSection(ProjectConfigurationPlatforms) = postSolution
		{850AA2FB-760F-4CDF-9F30-A1EB4C4D8F4E}.Debug|Any CPU.ActiveCfg = Debug|Any CPU
		{850AA2FB-760F-4CDF-9F30-A1EB4C4D8F4E}.Debug|Any CPU.Build.0 = Debug|Any CPU
		{850AA2FB-760F-4CDF-9F30-A1EB4C4D8F4E}.Release|Any CPU.ActiveCfg = Release|Any CPU
		{850AA2FB-760F-4CDF-9F30-A1EB4C4D8F4E}.Release|Any CPU.Build.0 = Release|Any CPU
		{9B202E48-003E-4816-A030-D3C4EF450332}.Debug|Any CPU.ActiveCfg = Debug|Any CPU
		{9B202E48-003E-4816-A030-D3C4EF450332}.Debug|Any CPU.Build.0 = Debug|Any CPU
		{9B202E48-003E-4816-A030-D3C4EF450332}.Release|Any CPU.ActiveCfg = Release|Any CPU
		{9B202E48-003E-4816-A030-D3C4EF450332}.Release|Any CPU.Build.0 = Release|Any CPU
		{D7070E1E-749C-4F33-80FA-6A90D143A543}.Debug|Any CPU.ActiveCfg = Debug|Any CPU
		{D7070E1E-749C-4F33-80FA-6A90D143A543}.Debug|Any CPU.Build.0 = Debug|Any CPU
		{D7070E1E-749C-4F33-80FA-6A90D143A543}.Release|Any CPU.ActiveCfg = Release|Any CPU
		{D7070E1E-749C-4F33-80FA-6A90D143A543}.Release|Any CPU.Build.0 = Release|Any CPU
		{DB217668-D793-423B-B243-0276ADCABDCB}.Debug|Any CPU.ActiveCfg = Debug|Any CPU
		{DB217668-D793-423B-B243-0276ADCABDCB}.Debug|Any CPU.Build.0 = Debug|Any CPU
		{DB217668-D793-423B-B243-0276ADCABDCB}.Release|Any CPU.ActiveCfg = Release|Any CPU
		{DB217668-D793-423B-B243-0276ADCABDCB}.Release|Any CPU.Build.0 = Release|Any CPU
		{C135B04F-E076-49B0-9D47-DF3797C74C82}.Debug|Any CPU.ActiveCfg = Debug|Any CPU
		{C135B04F-E076-49B0-9D47-DF3797C74C82}.Debug|Any CPU.Build.0 = Debug|Any CPU
		{C135B04F-E076-49B0-9D47-DF3797C74C82}.Release|Any CPU.ActiveCfg = Release|Any CPU
		{C135B04F-E076-49B0-9D47-DF3797C74C82}.Release|Any CPU.Build.0 = Release|Any CPU
		{1AE2F2F6-9E13-4195-81CF-F798218FEE45}.Debug|Any CPU.ActiveCfg = Debug|Any CPU
		{1AE2F2F6-9E13-4195-81CF-F798218FEE45}.Debug|Any CPU.Build.0 = Debug|Any CPU
		{1AE2F2F6-9E13-4195-81CF-F798218FEE45}.Release|Any CPU.ActiveCfg = Release|Any CPU
		{1AE2F2F6-9E13-4195-81CF-F798218FEE45}.Release|Any CPU.Build.0 = Release|Any CPU
		{3C4FF540-6B2C-4813-9D91-6202A0B874F4}.Debug|Any CPU.ActiveCfg = Debug|Any CPU
		{3C4FF540-6B2C-4813-9D91-6202A0B874F4}.Debug|Any CPU.Build.0 = Debug|Any CPU
		{3C4FF540-6B2C-4813-9D91-6202A0B874F4}.Release|Any CPU.ActiveCfg = Release|Any CPU
		{3C4FF540-6B2C-4813-9D91-6202A0B874F4}.Release|Any CPU.Build.0 = Release|Any CPU
		{184673D1-F041-4A98-8DBB-A15C25C62B77}.Debug|Any CPU.ActiveCfg = Debug|Any CPU
		{184673D1-F041-4A98-8DBB-A15C25C62B77}.Debug|Any CPU.Build.0 = Debug|Any CPU
		{184673D1-F041-4A98-8DBB-A15C25C62B77}.Release|Any CPU.ActiveCfg = Release|Any CPU
		{184673D1-F041-4A98-8DBB-A15C25C62B77}.Release|Any CPU.Build.0 = Release|Any CPU
		{B257C133-277F-4B72-9AC9-6A11A003AE46}.Debug|Any CPU.ActiveCfg = Debug|Any CPU
		{B257C133-277F-4B72-9AC9-6A11A003AE46}.Debug|Any CPU.Build.0 = Debug|Any CPU
		{B257C133-277F-4B72-9AC9-6A11A003AE46}.Release|Any CPU.ActiveCfg = Release|Any CPU
		{B257C133-277F-4B72-9AC9-6A11A003AE46}.Release|Any CPU.Build.0 = Release|Any CPU
		{EA38B04C-43D8-4264-B2A8-BE77F26B26E0}.Debug|Any CPU.ActiveCfg = Debug|Any CPU
		{EA38B04C-43D8-4264-B2A8-BE77F26B26E0}.Debug|Any CPU.Build.0 = Debug|Any CPU
		{EA38B04C-43D8-4264-B2A8-BE77F26B26E0}.Release|Any CPU.ActiveCfg = Release|Any CPU
		{EA38B04C-43D8-4264-B2A8-BE77F26B26E0}.Release|Any CPU.Build.0 = Release|Any CPU
		{44EDE05A-5689-4927-B565-1411265D8A01}.Debug|Any CPU.ActiveCfg = Debug|Any CPU
		{44EDE05A-5689-4927-B565-1411265D8A01}.Debug|Any CPU.Build.0 = Debug|Any CPU
		{44EDE05A-5689-4927-B565-1411265D8A01}.Release|Any CPU.ActiveCfg = Release|Any CPU
		{44EDE05A-5689-4927-B565-1411265D8A01}.Release|Any CPU.Build.0 = Release|Any CPU
		{2FD4E3A2-589A-453C-B61D-BC59A21BABEB}.Debug|Any CPU.ActiveCfg = Debug|Any CPU
		{2FD4E3A2-589A-453C-B61D-BC59A21BABEB}.Debug|Any CPU.Build.0 = Debug|Any CPU
		{2FD4E3A2-589A-453C-B61D-BC59A21BABEB}.Release|Any CPU.ActiveCfg = Release|Any CPU
		{2FD4E3A2-589A-453C-B61D-BC59A21BABEB}.Release|Any CPU.Build.0 = Release|Any CPU
		{F686417B-0BA3-412D-B996-E3511C40399E}.Debug|Any CPU.ActiveCfg = Debug|Any CPU
		{F686417B-0BA3-412D-B996-E3511C40399E}.Debug|Any CPU.Build.0 = Debug|Any CPU
		{F686417B-0BA3-412D-B996-E3511C40399E}.Release|Any CPU.ActiveCfg = Release|Any CPU
		{F686417B-0BA3-412D-B996-E3511C40399E}.Release|Any CPU.Build.0 = Release|Any CPU
		{558EDFB9-1A25-46B7-B549-090A1C40ED58}.Debug|Any CPU.ActiveCfg = Debug|Any CPU
		{558EDFB9-1A25-46B7-B549-090A1C40ED58}.Debug|Any CPU.Build.0 = Debug|Any CPU
		{558EDFB9-1A25-46B7-B549-090A1C40ED58}.Release|Any CPU.ActiveCfg = Release|Any CPU
		{558EDFB9-1A25-46B7-B549-090A1C40ED58}.Release|Any CPU.Build.0 = Release|Any CPU
		{7345156D-BDDA-40B9-A5DD-170DC1A5CD51}.Debug|Any CPU.ActiveCfg = Debug|Any CPU
		{7345156D-BDDA-40B9-A5DD-170DC1A5CD51}.Debug|Any CPU.Build.0 = Debug|Any CPU
		{7345156D-BDDA-40B9-A5DD-170DC1A5CD51}.Release|Any CPU.ActiveCfg = Release|Any CPU
		{7345156D-BDDA-40B9-A5DD-170DC1A5CD51}.Release|Any CPU.Build.0 = Release|Any CPU
		{BB9458B8-2F1E-4C2E-BEF6-77C56D19D9C5}.Debug|Any CPU.ActiveCfg = Debug|Any CPU
		{BB9458B8-2F1E-4C2E-BEF6-77C56D19D9C5}.Debug|Any CPU.Build.0 = Debug|Any CPU
		{BB9458B8-2F1E-4C2E-BEF6-77C56D19D9C5}.Release|Any CPU.ActiveCfg = Release|Any CPU
		{BB9458B8-2F1E-4C2E-BEF6-77C56D19D9C5}.Release|Any CPU.Build.0 = Release|Any CPU
		{76C9263F-4203-4790-8045-3DF0A742E975}.Debug|Any CPU.ActiveCfg = Debug|Any CPU
		{76C9263F-4203-4790-8045-3DF0A742E975}.Debug|Any CPU.Build.0 = Debug|Any CPU
		{76C9263F-4203-4790-8045-3DF0A742E975}.Release|Any CPU.ActiveCfg = Release|Any CPU
		{76C9263F-4203-4790-8045-3DF0A742E975}.Release|Any CPU.Build.0 = Release|Any CPU
		{C230EC6E-23B6-432C-91A3-1D9B040E3F52}.Debug|Any CPU.ActiveCfg = Debug|Any CPU
		{C230EC6E-23B6-432C-91A3-1D9B040E3F52}.Debug|Any CPU.Build.0 = Debug|Any CPU
		{C230EC6E-23B6-432C-91A3-1D9B040E3F52}.Release|Any CPU.ActiveCfg = Release|Any CPU
		{C230EC6E-23B6-432C-91A3-1D9B040E3F52}.Release|Any CPU.Build.0 = Release|Any CPU
		{417AAA86-5F01-445E-8227-18C3AA72489E}.Debug|Any CPU.ActiveCfg = Debug|Any CPU
		{417AAA86-5F01-445E-8227-18C3AA72489E}.Debug|Any CPU.Build.0 = Debug|Any CPU
		{417AAA86-5F01-445E-8227-18C3AA72489E}.Release|Any CPU.ActiveCfg = Release|Any CPU
		{417AAA86-5F01-445E-8227-18C3AA72489E}.Release|Any CPU.Build.0 = Release|Any CPU
		{BC7B8278-D40C-467F-9314-F59AB5EDCAEB}.Debug|Any CPU.ActiveCfg = Debug|Any CPU
		{BC7B8278-D40C-467F-9314-F59AB5EDCAEB}.Debug|Any CPU.Build.0 = Debug|Any CPU
		{BC7B8278-D40C-467F-9314-F59AB5EDCAEB}.Release|Any CPU.ActiveCfg = Release|Any CPU
		{BC7B8278-D40C-467F-9314-F59AB5EDCAEB}.Release|Any CPU.Build.0 = Release|Any CPU
		{914583C6-B9A1-4842-9450-F2910D1B85C7}.Debug|Any CPU.ActiveCfg = Debug|Any CPU
		{914583C6-B9A1-4842-9450-F2910D1B85C7}.Debug|Any CPU.Build.0 = Debug|Any CPU
		{914583C6-B9A1-4842-9450-F2910D1B85C7}.Release|Any CPU.ActiveCfg = Release|Any CPU
		{914583C6-B9A1-4842-9450-F2910D1B85C7}.Release|Any CPU.Build.0 = Release|Any CPU
		{4C8106E0-B45C-4065-8892-EBCF02C3FB6A}.Debug|Any CPU.ActiveCfg = Debug|Any CPU
		{4C8106E0-B45C-4065-8892-EBCF02C3FB6A}.Debug|Any CPU.Build.0 = Debug|Any CPU
		{4C8106E0-B45C-4065-8892-EBCF02C3FB6A}.Release|Any CPU.ActiveCfg = Release|Any CPU
		{4C8106E0-B45C-4065-8892-EBCF02C3FB6A}.Release|Any CPU.Build.0 = Release|Any CPU
		{B48FD5C3-96E0-4AEF-9DA8-7D8ED0A77274}.Debug|Any CPU.ActiveCfg = Debug|Any CPU
		{B48FD5C3-96E0-4AEF-9DA8-7D8ED0A77274}.Debug|Any CPU.Build.0 = Debug|Any CPU
		{B48FD5C3-96E0-4AEF-9DA8-7D8ED0A77274}.Release|Any CPU.ActiveCfg = Release|Any CPU
		{B48FD5C3-96E0-4AEF-9DA8-7D8ED0A77274}.Release|Any CPU.Build.0 = Release|Any CPU
		{5FF72AC0-EB30-4A3B-B90D-7AD671DC7C07}.Debug|Any CPU.ActiveCfg = Debug|Any CPU
		{5FF72AC0-EB30-4A3B-B90D-7AD671DC7C07}.Debug|Any CPU.Build.0 = Debug|Any CPU
		{5FF72AC0-EB30-4A3B-B90D-7AD671DC7C07}.Release|Any CPU.ActiveCfg = Release|Any CPU
		{5FF72AC0-EB30-4A3B-B90D-7AD671DC7C07}.Release|Any CPU.Build.0 = Release|Any CPU
		{D54F76E1-8758-4BC4-A658-35BEA474904C}.Debug|Any CPU.ActiveCfg = Debug|Any CPU
		{D54F76E1-8758-4BC4-A658-35BEA474904C}.Debug|Any CPU.Build.0 = Debug|Any CPU
		{D54F76E1-8758-4BC4-A658-35BEA474904C}.Release|Any CPU.ActiveCfg = Release|Any CPU
		{D54F76E1-8758-4BC4-A658-35BEA474904C}.Release|Any CPU.Build.0 = Release|Any CPU
		{61997AFA-FAF3-45D1-9BDA-6290AE08CB1C}.Debug|Any CPU.ActiveCfg = Debug|Any CPU
		{61997AFA-FAF3-45D1-9BDA-6290AE08CB1C}.Debug|Any CPU.Build.0 = Debug|Any CPU
		{61997AFA-FAF3-45D1-9BDA-6290AE08CB1C}.Release|Any CPU.ActiveCfg = Release|Any CPU
		{61997AFA-FAF3-45D1-9BDA-6290AE08CB1C}.Release|Any CPU.Build.0 = Release|Any CPU
		{0EAC73F9-0FD2-4D98-A1A7-8B46D5C9B204}.Debug|Any CPU.ActiveCfg = Debug|Any CPU
		{0EAC73F9-0FD2-4D98-A1A7-8B46D5C9B204}.Debug|Any CPU.Build.0 = Debug|Any CPU
		{0EAC73F9-0FD2-4D98-A1A7-8B46D5C9B204}.Release|Any CPU.ActiveCfg = Release|Any CPU
		{0EAC73F9-0FD2-4D98-A1A7-8B46D5C9B204}.Release|Any CPU.Build.0 = Release|Any CPU
		{2019DD8E-9998-4DC4-8EF4-79B821D59D7F}.Debug|Any CPU.ActiveCfg = Debug|Any CPU
		{2019DD8E-9998-4DC4-8EF4-79B821D59D7F}.Debug|Any CPU.Build.0 = Debug|Any CPU
		{2019DD8E-9998-4DC4-8EF4-79B821D59D7F}.Release|Any CPU.ActiveCfg = Release|Any CPU
		{2019DD8E-9998-4DC4-8EF4-79B821D59D7F}.Release|Any CPU.Build.0 = Release|Any CPU
		{6ED9E1FA-16A7-4716-8929-A0B573E623CB}.Debug|Any CPU.ActiveCfg = Debug|Any CPU
		{6ED9E1FA-16A7-4716-8929-A0B573E623CB}.Debug|Any CPU.Build.0 = Debug|Any CPU
		{6ED9E1FA-16A7-4716-8929-A0B573E623CB}.Release|Any CPU.ActiveCfg = Release|Any CPU
		{6ED9E1FA-16A7-4716-8929-A0B573E623CB}.Release|Any CPU.Build.0 = Release|Any CPU
		{60799D04-B2F7-43E4-9897-8B8400C53341}.Debug|Any CPU.ActiveCfg = Debug|Any CPU
		{60799D04-B2F7-43E4-9897-8B8400C53341}.Debug|Any CPU.Build.0 = Debug|Any CPU
		{60799D04-B2F7-43E4-9897-8B8400C53341}.Release|Any CPU.ActiveCfg = Release|Any CPU
		{60799D04-B2F7-43E4-9897-8B8400C53341}.Release|Any CPU.Build.0 = Release|Any CPU
		{052DEB05-34D3-4B66-80F3-85BE2725D450}.Debug|Any CPU.ActiveCfg = Debug|Any CPU
		{052DEB05-34D3-4B66-80F3-85BE2725D450}.Debug|Any CPU.Build.0 = Debug|Any CPU
		{052DEB05-34D3-4B66-80F3-85BE2725D450}.Release|Any CPU.ActiveCfg = Release|Any CPU
		{052DEB05-34D3-4B66-80F3-85BE2725D450}.Release|Any CPU.Build.0 = Release|Any CPU
		{A62333D9-F705-4CB6-8B43-136210E3FBF8}.Debug|Any CPU.ActiveCfg = Debug|Any CPU
		{A62333D9-F705-4CB6-8B43-136210E3FBF8}.Debug|Any CPU.Build.0 = Debug|Any CPU
		{A62333D9-F705-4CB6-8B43-136210E3FBF8}.Release|Any CPU.ActiveCfg = Release|Any CPU
		{A62333D9-F705-4CB6-8B43-136210E3FBF8}.Release|Any CPU.Build.0 = Release|Any CPU
		{CD6D0489-2EC8-4787-BDDD-0FF0E65BEA0C}.Debug|Any CPU.ActiveCfg = Debug|Any CPU
		{CD6D0489-2EC8-4787-BDDD-0FF0E65BEA0C}.Debug|Any CPU.Build.0 = Debug|Any CPU
		{CD6D0489-2EC8-4787-BDDD-0FF0E65BEA0C}.Release|Any CPU.ActiveCfg = Release|Any CPU
		{CD6D0489-2EC8-4787-BDDD-0FF0E65BEA0C}.Release|Any CPU.Build.0 = Release|Any CPU
		{94C12ECF-2034-42B5-BCE4-663AC7EE5416}.Debug|Any CPU.ActiveCfg = Debug|Any CPU
		{94C12ECF-2034-42B5-BCE4-663AC7EE5416}.Debug|Any CPU.Build.0 = Debug|Any CPU
		{94C12ECF-2034-42B5-BCE4-663AC7EE5416}.Release|Any CPU.ActiveCfg = Release|Any CPU
		{94C12ECF-2034-42B5-BCE4-663AC7EE5416}.Release|Any CPU.Build.0 = Release|Any CPU
		{C83729E8-34D2-4CC3-B76F-D3A20E1E2677}.Debug|Any CPU.ActiveCfg = Debug|Any CPU
		{C83729E8-34D2-4CC3-B76F-D3A20E1E2677}.Debug|Any CPU.Build.0 = Debug|Any CPU
		{C83729E8-34D2-4CC3-B76F-D3A20E1E2677}.Release|Any CPU.ActiveCfg = Release|Any CPU
		{C83729E8-34D2-4CC3-B76F-D3A20E1E2677}.Release|Any CPU.Build.0 = Release|Any CPU
		{1AC6DAD9-F380-4DA9-98C6-2BE0AE7FABF0}.Debug|Any CPU.ActiveCfg = Debug|Any CPU
		{1AC6DAD9-F380-4DA9-98C6-2BE0AE7FABF0}.Debug|Any CPU.Build.0 = Debug|Any CPU
		{1AC6DAD9-F380-4DA9-98C6-2BE0AE7FABF0}.Release|Any CPU.ActiveCfg = Release|Any CPU
		{1AC6DAD9-F380-4DA9-98C6-2BE0AE7FABF0}.Release|Any CPU.Build.0 = Release|Any CPU
		{49AD92DB-42F8-4CD1-A968-A96D96023A40}.Debug|Any CPU.ActiveCfg = Debug|Any CPU
		{49AD92DB-42F8-4CD1-A968-A96D96023A40}.Debug|Any CPU.Build.0 = Debug|Any CPU
		{49AD92DB-42F8-4CD1-A968-A96D96023A40}.Release|Any CPU.ActiveCfg = Release|Any CPU
		{49AD92DB-42F8-4CD1-A968-A96D96023A40}.Release|Any CPU.Build.0 = Release|Any CPU
		{07FAA410-A064-4BEF-9808-BD2C3FA6F184}.Debug|Any CPU.ActiveCfg = Debug|Any CPU
		{07FAA410-A064-4BEF-9808-BD2C3FA6F184}.Debug|Any CPU.Build.0 = Debug|Any CPU
		{07FAA410-A064-4BEF-9808-BD2C3FA6F184}.Release|Any CPU.ActiveCfg = Release|Any CPU
		{07FAA410-A064-4BEF-9808-BD2C3FA6F184}.Release|Any CPU.Build.0 = Release|Any CPU
		{DDE9EBC4-E3D2-4BE9-9623-A4C9F58E2811}.Debug|Any CPU.ActiveCfg = Debug|Any CPU
		{DDE9EBC4-E3D2-4BE9-9623-A4C9F58E2811}.Debug|Any CPU.Build.0 = Debug|Any CPU
		{DDE9EBC4-E3D2-4BE9-9623-A4C9F58E2811}.Release|Any CPU.ActiveCfg = Release|Any CPU
		{DDE9EBC4-E3D2-4BE9-9623-A4C9F58E2811}.Release|Any CPU.Build.0 = Release|Any CPU
		{34C0020D-1A46-4E01-86D4-BB0BA4ADFB68}.Debug|Any CPU.ActiveCfg = Debug|Any CPU
		{34C0020D-1A46-4E01-86D4-BB0BA4ADFB68}.Debug|Any CPU.Build.0 = Debug|Any CPU
		{34C0020D-1A46-4E01-86D4-BB0BA4ADFB68}.Release|Any CPU.ActiveCfg = Release|Any CPU
		{34C0020D-1A46-4E01-86D4-BB0BA4ADFB68}.Release|Any CPU.Build.0 = Release|Any CPU
		{21572122-D4F7-4818-91A9-012FBA2D1061}.Debug|Any CPU.ActiveCfg = Debug|Any CPU
		{21572122-D4F7-4818-91A9-012FBA2D1061}.Debug|Any CPU.Build.0 = Debug|Any CPU
		{21572122-D4F7-4818-91A9-012FBA2D1061}.Release|Any CPU.ActiveCfg = Release|Any CPU
		{21572122-D4F7-4818-91A9-012FBA2D1061}.Release|Any CPU.Build.0 = Release|Any CPU
		{6A636B91-E1C2-4815-B8E3-AE2EF906FF5A}.Debug|Any CPU.ActiveCfg = Debug|Any CPU
		{6A636B91-E1C2-4815-B8E3-AE2EF906FF5A}.Debug|Any CPU.Build.0 = Debug|Any CPU
		{6A636B91-E1C2-4815-B8E3-AE2EF906FF5A}.Release|Any CPU.ActiveCfg = Release|Any CPU
		{6A636B91-E1C2-4815-B8E3-AE2EF906FF5A}.Release|Any CPU.Build.0 = Release|Any CPU
	EndGlobalSection
	GlobalSection(SolutionProperties) = preSolution
		HideSolutionNode = FALSE
	EndGlobalSection
	GlobalSection(ExtensibilityGlobals) = postSolution
		SolutionGuid = {AE7B26D7-949E-46EF-BAB0-CFB49D8EB0D6}
	EndGlobalSection
EndGlobal
