
Microsoft Visual Studio Solution File, Format Version 12.00
# Visual Studio Version 17
VisualStudioVersion = 17.2.32630.192
MinimumVisualStudioVersion = 10.0.40219.1
Project("{9A19103F-16F7-4668-BE54-9A1E7A4F7556}") = "R5T.Z0060.Construction", "R5T.Z0060.Construction\R5T.Z0060.Construction.csproj", "{3D5F4AA2-A8A7-414D-86E2-7777131FE0D4}"
EndProject
Project("{9A19103F-16F7-4668-BE54-9A1E7A4F7556}") = "R5T.Z0060", "R5T.Z0060\R5T.Z0060.csproj", "{EA138614-B55D-4A4B-B06A-2CFEB38552BD}"
EndProject
Project("{2150E333-8FDC-42A3-9474-1A3956D46DE8}") = "_Dependencies", "_Dependencies", "{EBE0D0FB-E19A-4DEA-935E-E3F62530FBC9}"
EndProject
Project("{9A19103F-16F7-4668-BE54-9A1E7A4F7556}") = "R5T.F0000", "..\..\R5T.F0000\source\R5T.F0000\R5T.F0000.csproj", "{F16B3225-646F-4CC3-9D27-A80B11B42E47}"
EndProject
Project("{9A19103F-16F7-4668-BE54-9A1E7A4F7556}") = "R5T.F0002", "..\..\R5T.F0002\source\R5T.F0002\R5T.F0002.csproj", "{DDD3F019-8D48-49F6-8918-D613F4273CB0}"
EndProject
Project("{9A19103F-16F7-4668-BE54-9A1E7A4F7556}") = "R5T.F0120", "..\..\R5T.F0120\source\R5T.F0120\R5T.F0120.csproj", "{50CDB7E4-954E-4C84-8D5B-8A344F420AE6}"
EndProject
Project("{9A19103F-16F7-4668-BE54-9A1E7A4F7556}") = "R5T.F0124", "..\..\R5T.F0124\source\R5T.F0124\R5T.F0124.csproj", "{43438CFC-228C-4301-92AB-96E0D1939BE0}"
EndProject
Project("{9A19103F-16F7-4668-BE54-9A1E7A4F7556}") = "R5T.F0125", "..\..\R5T.F0125\source\R5T.F0125\R5T.F0125.csproj", "{69303716-8A42-4C0A-ACB5-D9E005CBA239}"
EndProject
Project("{9A19103F-16F7-4668-BE54-9A1E7A4F7556}") = "R5T.L0030.T000", "..\..\R5T.L0030\source\R5T.L0030.T000\R5T.L0030.T000.csproj", "{0A936F5D-7733-4CC3-A941-6484A5E1332A}"
EndProject
Project("{9A19103F-16F7-4668-BE54-9A1E7A4F7556}") = "R5T.L0030", "..\..\R5T.L0030\source\R5T.L0030\R5T.L0030.csproj", "{10DAF13A-98D5-4917-BDE2-02FC0875A896}"
EndProject
Project("{9A19103F-16F7-4668-BE54-9A1E7A4F7556}") = "R5T.L0034", "..\..\R5T.L0034\source\R5T.L0034\R5T.L0034.csproj", "{F01E6EAE-FE7F-466E-A4DE-BFF742A459F7}"
EndProject
Project("{9A19103F-16F7-4668-BE54-9A1E7A4F7556}") = "R5T.L0035", "..\..\R5T.L0035\source\R5T.L0035\R5T.L0035.csproj", "{07EF90FE-BBD4-49A2-9C8B-0C66543CCEE8}"
EndProject
Project("{9A19103F-16F7-4668-BE54-9A1E7A4F7556}") = "R5T.NG0022", "..\..\R5T.NG0022\source\R5T.NG0022\R5T.NG0022.csproj", "{2F209FEE-B02E-4BDF-9220-A06D9DBE5474}"
EndProject
Project("{9A19103F-16F7-4668-BE54-9A1E7A4F7556}") = "R5T.T0131", "..\..\R5T.T0131\source\R5T.T0131\R5T.T0131.csproj", "{2C3B525B-72ED-43E6-AC7E-9F1DAD53DD0F}"
EndProject
Project("{9A19103F-16F7-4668-BE54-9A1E7A4F7556}") = "R5T.T0132", "..\..\R5T.T0132\source\R5T.T0132\R5T.T0132.csproj", "{F4C43F46-7CE3-4AF1-B909-B7DCDA84CE49}"
EndProject
Project("{9A19103F-16F7-4668-BE54-9A1E7A4F7556}") = "R5T.T0142", "..\..\R5T.T0142\source\R5T.T0142\R5T.T0142.csproj", "{DF5CCB8F-125D-44E3-B81E-9B9840C4D971}"
EndProject
Project("{9A19103F-16F7-4668-BE54-9A1E7A4F7556}") = "R5T.T0143", "..\..\R5T.T0143\source\R5T.T0143\R5T.T0143.csproj", "{6E12F804-7784-4CD3-92E3-A9FCBED34894}"
EndProject
Project("{9A19103F-16F7-4668-BE54-9A1E7A4F7556}") = "R5T.T0150", "..\..\R5T.T0150\source\R5T.T0150\R5T.T0150.csproj", "{8ECC28FC-670B-4AFB-A84E-B0C1940C176A}"
EndProject
Project("{9A19103F-16F7-4668-BE54-9A1E7A4F7556}") = "R5T.T0151", "..\..\R5T.T0151\source\R5T.T0151\R5T.T0151.csproj", "{57785C2C-B535-481C-916A-71F056373D40}"
EndProject
Project("{9A19103F-16F7-4668-BE54-9A1E7A4F7556}") = "R5T.T0156", "..\..\R5T.T0156\source\R5T.T0156\R5T.T0156.csproj", "{0DF847F5-C3C3-4538-A0EC-1AB657A8028E}"
EndProject
Project("{9A19103F-16F7-4668-BE54-9A1E7A4F7556}") = "R5T.T0162", "..\..\R5T.T0162\source\R5T.T0162\R5T.T0162.csproj", "{5846DF34-5EF5-41A0-A7C9-881C5C87A66A}"
EndProject
Project("{9A19103F-16F7-4668-BE54-9A1E7A4F7556}") = "R5T.T0172", "..\..\R5T.T0172\source\R5T.T0172\R5T.T0172.csproj", "{B2267E65-366D-4B04-8DFD-71478C4D9979}"
EndProject
Project("{9A19103F-16F7-4668-BE54-9A1E7A4F7556}") = "R5T.T0174", "..\..\R5T.T0174\source\R5T.T0174\R5T.T0174.csproj", "{A9F373F0-7F0C-43CF-9451-BD8EC614F19C}"
EndProject
Project("{9A19103F-16F7-4668-BE54-9A1E7A4F7556}") = "R5T.T0176", "..\..\R5T.T0176\source\R5T.T0176\R5T.T0176.csproj", "{6F888ED4-1DEA-40FA-9AE8-13F8763E2B98}"
EndProject
Project("{9A19103F-16F7-4668-BE54-9A1E7A4F7556}") = "R5T.T0177", "..\..\R5T.T0177\source\R5T.T0177\R5T.T0177.csproj", "{2502B43D-CF6E-45AC-BC25-A96D3170810E}"
EndProject
Project("{9A19103F-16F7-4668-BE54-9A1E7A4F7556}") = "R5T.T0178", "..\..\R5T.T0178\source\R5T.T0178\R5T.T0178.csproj", "{10390532-437C-45E8-8889-B3443BD9C860}"
EndProject
Project("{9A19103F-16F7-4668-BE54-9A1E7A4F7556}") = "R5T.T0179", "..\..\R5T.T0179\source\R5T.T0179\R5T.T0179.csproj", "{0CC6D771-8613-4731-BAB2-07D4604366C5}"
EndProject
Project("{9A19103F-16F7-4668-BE54-9A1E7A4F7556}") = "R5T.T0180", "..\..\R5T.T0180\source\R5T.T0180\R5T.T0180.csproj", "{2AD9D41F-2C2C-4EAE-AD52-1524BAC090C7}"
EndProject
Project("{9A19103F-16F7-4668-BE54-9A1E7A4F7556}") = "R5T.T0181", "..\..\R5T.T0181\source\R5T.T0181\R5T.T0181.csproj", "{C2C881B2-4B8E-4AC2-9ABE-14D30D1F13E6}"
EndProject
Project("{9A19103F-16F7-4668-BE54-9A1E7A4F7556}") = "R5T.T0185", "..\..\R5T.T0185\source\R5T.T0185\R5T.T0185.csproj", "{577750FE-8B4D-4F59-8FF7-A3B07CCE93E7}"
EndProject
Project("{9A19103F-16F7-4668-BE54-9A1E7A4F7556}") = "R5T.T0199", "..\..\R5T.T0199\source\R5T.T0199\R5T.T0199.csproj", "{75665022-25EA-4778-97DC-1102E4385DBE}"
EndProject
Project("{9A19103F-16F7-4668-BE54-9A1E7A4F7556}") = "R5T.T0203", "..\..\R5T.T0203\source\R5T.T0203\R5T.T0203.csproj", "{3D9BE606-7FE7-4E8F-8B6A-F174F1BE7BE2}"
EndProject
Project("{9A19103F-16F7-4668-BE54-9A1E7A4F7556}") = "R5T.T0211", "..\..\R5T.T0211\source\R5T.T0211\R5T.T0211.csproj", "{6D696F1E-DF9E-4EDB-8EE2-DEF4AA89A28D}"
EndProject
Project("{9A19103F-16F7-4668-BE54-9A1E7A4F7556}") = "R5T.T0212.F000", "..\..\R5T.T0212\source\R5T.T0212.F000\R5T.T0212.F000.csproj", "{2A06E736-D818-4340-93D7-0327C7C0FE14}"
EndProject
Project("{9A19103F-16F7-4668-BE54-9A1E7A4F7556}") = "R5T.T0212.Z000", "..\..\R5T.T0212\source\R5T.T0212.Z000\R5T.T0212.Z000.csproj", "{52AE4675-D4E1-4660-96F2-CAF750BBEAD9}"
EndProject
Project("{9A19103F-16F7-4668-BE54-9A1E7A4F7556}") = "R5T.T0212", "..\..\R5T.T0212\source\R5T.T0212\R5T.T0212.csproj", "{8042B3F4-3E25-41C7-8940-C23E87191725}"
EndProject
Project("{9A19103F-16F7-4668-BE54-9A1E7A4F7556}") = "R5T.T0213", "..\..\R5T.T0213\source\R5T.T0213\R5T.T0213.csproj", "{4747F7C9-7E09-4B8B-B974-84EFEDBBE681}"
EndProject
Project("{9A19103F-16F7-4668-BE54-9A1E7A4F7556}") = "R5T.T0218", "..\..\R5T.T0218\source\R5T.T0218\R5T.T0218.csproj", "{C49A289F-C29A-4B74-9759-15A02641103B}"
EndProject
Project("{9A19103F-16F7-4668-BE54-9A1E7A4F7556}") = "R5T.T0220", "..\..\R5T.T0220\source\R5T.T0220\R5T.T0220.csproj", "{735D4514-2582-4889-B905-FE61EB7AEF68}"
EndProject
Project("{9A19103F-16F7-4668-BE54-9A1E7A4F7556}") = "R5T.T0221", "..\..\R5T.T0221\source\R5T.T0221\R5T.T0221.csproj", "{B8DF370E-7863-4A4B-89E4-8F69F6FC787B}"
EndProject
Project("{9A19103F-16F7-4668-BE54-9A1E7A4F7556}") = "R5T.Y0000", "..\..\R5T.Y0000\source\R5T.Y0000\R5T.Y0000.csproj", "{49DE971E-453A-44E6-9132-1C894152F77A}"
EndProject
Project("{9A19103F-16F7-4668-BE54-9A1E7A4F7556}") = "R5T.Z0000", "..\..\R5T.Z0000\source\R5T.Z0000\R5T.Z0000.csproj", "{2E47B86E-590D-4F14-9EB9-DD5B31A4CEA8}"
EndProject
Project("{9A19103F-16F7-4668-BE54-9A1E7A4F7556}") = "R5T.Z0055", "..\..\R5T.Z0055\source\R5T.Z0055\R5T.Z0055.csproj", "{A0EB56C7-F4E6-4439-AEDC-34D785AA6270}"
EndProject
Project("{9A19103F-16F7-4668-BE54-9A1E7A4F7556}") = "R5T.Z0056", "..\..\R5T.Z0056\source\R5T.Z0056\R5T.Z0056.csproj", "{FB2E4113-7B5F-4A7B-8BC0-08E44C3E2091}"
EndProject
Project("{9A19103F-16F7-4668-BE54-9A1E7A4F7556}") = "F10Y.L0000", "..\..\..\Functionairy\F10Y.L0000\source\F10Y.L0000\F10Y.L0000.csproj", "{B52D75D2-EA53-4FEC-88E6-6B6339DDED54}"
EndProject
Project("{9A19103F-16F7-4668-BE54-9A1E7A4F7556}") = "F10Y.L0001.L000", "..\..\..\Functionairy\F10Y.L0001\source\F10Y.L0001.L000\F10Y.L0001.L000.csproj", "{7723B119-FF66-4B4C-A663-BF61DABC206D}"
EndProject
Project("{9A19103F-16F7-4668-BE54-9A1E7A4F7556}") = "F10Y.L0001.L001", "..\..\..\Functionairy\F10Y.L0001\source\F10Y.L0001.L001\F10Y.L0001.L001.csproj", "{C9DB9C24-7E72-466F-A4C6-634BFC0B7082}"
EndProject
Project("{9A19103F-16F7-4668-BE54-9A1E7A4F7556}") = "F10Y.L0001.L002", "..\..\..\Functionairy\F10Y.L0001\source\F10Y.L0001.L002\F10Y.L0001.L002.csproj", "{C919AF5A-1A8A-4772-BCBD-6D303A9B4248}"
EndProject
Project("{9A19103F-16F7-4668-BE54-9A1E7A4F7556}") = "F10Y.L0001.L003", "..\..\..\Functionairy\F10Y.L0001\source\F10Y.L0001.L003\F10Y.L0001.L003.csproj", "{D008DD9C-D461-4199-BF43-0BD30366D28A}"
EndProject
Project("{9A19103F-16F7-4668-BE54-9A1E7A4F7556}") = "F10Y.L0001.T000", "..\..\..\Functionairy\F10Y.L0001\source\F10Y.L0001.T000\F10Y.L0001.T000.csproj", "{0148A6DB-FA01-4E91-B726-BA76C143D0A3}"
EndProject
Project("{9A19103F-16F7-4668-BE54-9A1E7A4F7556}") = "F10Y.L0001.X000", "..\..\..\Functionairy\F10Y.L0001\source\F10Y.L0001.X000\F10Y.L0001.X000.csproj", "{43B6728D-BD13-48BF-89EF-CAA211F3389C}"
EndProject
Project("{9A19103F-16F7-4668-BE54-9A1E7A4F7556}") = "F10Y.L0001.Z000", "..\..\..\Functionairy\F10Y.L0001\source\F10Y.L0001.Z000\F10Y.L0001.Z000.csproj", "{DF7293DA-5A0C-43AC-B736-ADD2C8E60947}"
EndProject
Project("{9A19103F-16F7-4668-BE54-9A1E7A4F7556}") = "F10Y.L0001", "..\..\..\Functionairy\F10Y.L0001\source\F10Y.L0001\F10Y.L0001.csproj", "{1D60F837-C3AC-4A23-82F4-A1D81CBFD36D}"
EndProject
Project("{9A19103F-16F7-4668-BE54-9A1E7A4F7556}") = "F10Y.L0003.L001", "..\..\..\Functionairy\F10Y.L0003\source\F10Y.L0003.L001\F10Y.L0003.L001.csproj", "{78631EC8-767E-4882-9B60-E0B5A3E08836}"
EndProject
Project("{9A19103F-16F7-4668-BE54-9A1E7A4F7556}") = "F10Y.L0003", "..\..\..\Functionairy\F10Y.L0003\source\F10Y.L0003\F10Y.L0003.csproj", "{493E3937-13CD-4259-B30D-26ECD64DAA62}"
EndProject
Project("{9A19103F-16F7-4668-BE54-9A1E7A4F7556}") = "F10Y.L0005.L001", "..\..\..\Functionairy\F10Y.L0005\source\F10Y.L0005.L001\F10Y.L0005.L001.csproj", "{DD3985BF-8295-4FC2-8554-CED83284E0DB}"
EndProject
Project("{9A19103F-16F7-4668-BE54-9A1E7A4F7556}") = "F10Y.L0005.L002", "..\..\..\Functionairy\F10Y.L0005\source\F10Y.L0005.L002\F10Y.L0005.L002.csproj", "{305A6E59-24FB-47B7-B3F4-12F3318D7528}"
EndProject
Project("{9A19103F-16F7-4668-BE54-9A1E7A4F7556}") = "F10Y.L0005.T000", "..\..\..\Functionairy\F10Y.L0005\source\F10Y.L0005.T000\F10Y.L0005.T000.csproj", "{0F08D1D9-6F22-4EEF-ABB4-3FBD4FB99FA3}"
EndProject
Project("{9A19103F-16F7-4668-BE54-9A1E7A4F7556}") = "F10Y.L0005.T001", "..\..\..\Functionairy\F10Y.L0005\source\F10Y.L0005.T001\F10Y.L0005.T001.csproj", "{E95667C3-2D9E-48E2-B9D9-F4FC1F04816E}"
EndProject
Project("{9A19103F-16F7-4668-BE54-9A1E7A4F7556}") = "F10Y.L0005.T002", "..\..\..\Functionairy\F10Y.L0005\source\F10Y.L0005.T002\F10Y.L0005.T002.csproj", "{B667F972-65E7-401E-BF22-BB84E62D3CCA}"
EndProject
Project("{9A19103F-16F7-4668-BE54-9A1E7A4F7556}") = "F10Y.L0005", "..\..\..\Functionairy\F10Y.L0005\source\F10Y.L0005\F10Y.L0005.csproj", "{53C143CB-33D7-4C1A-9335-6E87D8DC9618}"
EndProject
Project("{9A19103F-16F7-4668-BE54-9A1E7A4F7556}") = "F10Y.NG0008", "..\..\..\Functionairy\F10Y.NG0008\source\F10Y.NG0008\F10Y.NG0008.csproj", "{08F630EF-D47A-46EB-903F-540C40258C4E}"
EndProject
Project("{9A19103F-16F7-4668-BE54-9A1E7A4F7556}") = "F10Y.NG0009", "..\..\..\Functionairy\F10Y.NG0009\source\F10Y.NG0009\F10Y.NG0009.csproj", "{6452E3D9-96BC-4966-A8D7-B8EE92361F3C}"
EndProject
Project("{9A19103F-16F7-4668-BE54-9A1E7A4F7556}") = "F10Y.T0000", "..\..\..\Functionairy\F10Y.T0000\source\F10Y.T0000\F10Y.T0000.csproj", "{0CD7260F-C11A-46D6-976D-68A039AF2F0F}"
EndProject
Project("{9A19103F-16F7-4668-BE54-9A1E7A4F7556}") = "F10Y.T0001", "..\..\..\Functionairy\F10Y.T0001\source\F10Y.T0001\F10Y.T0001.csproj", "{2645D43C-24D7-4B5B-BDB0-9D55FBB76466}"
EndProject
Project("{9A19103F-16F7-4668-BE54-9A1E7A4F7556}") = "F10Y.T0002", "..\..\..\Functionairy\F10Y.T0002\source\F10Y.T0002\F10Y.T0002.csproj", "{0EC06393-F52F-4CFA-94B5-2279F4EC1435}"
EndProject
Project("{9A19103F-16F7-4668-BE54-9A1E7A4F7556}") = "F10Y.T0003", "..\..\..\Functionairy\F10Y.T0003\source\F10Y.T0003\F10Y.T0003.csproj", "{727C84D4-D88C-4F32-9D4F-6F5DBCC1BAAD}"
EndProject
Project("{9A19103F-16F7-4668-BE54-9A1E7A4F7556}") = "F10Y.T0004", "..\..\..\Functionairy\F10Y.T0004\source\F10Y.T0004\F10Y.T0004.csproj", "{24C4EB26-4DDC-41C4-BAE9-D8281751C5E7}"
EndProject
Project("{9A19103F-16F7-4668-BE54-9A1E7A4F7556}") = "F10Y.T0009", "..\..\..\Functionairy\F10Y.T0009\source\F10Y.T0009\F10Y.T0009.csproj", "{4D13F7ED-8230-483F-A506-B07AC6EE1128}"
EndProject
Project("{9A19103F-16F7-4668-BE54-9A1E7A4F7556}") = "F10Y.T0011", "..\..\..\Functionairy\F10Y.T0011\source\F10Y.T0011\F10Y.T0011.csproj", "{C1404D26-2D2E-44A9-A6E8-423540E12ABA}"
EndProject
Project("{9A19103F-16F7-4668-BE54-9A1E7A4F7556}") = "F10Y.T0016", "..\..\..\Functionairy\F10Y.T0016\source\F10Y.T0016\F10Y.T0016.csproj", "{90DA6CCE-8E33-4ADC-AA02-033277CBAF17}"
EndProject
Project("{9A19103F-16F7-4668-BE54-9A1E7A4F7556}") = "F10Y.Y0000", "..\..\..\Functionairy\F10Y.Y0000\source\F10Y.Y0000\F10Y.Y0000.csproj", "{2A320CFC-EFF6-49D4-9AE2-680DBA6B5E20}"
EndProject
Project("{9A19103F-16F7-4668-BE54-9A1E7A4F7556}") = "R5T.F0059", "..\..\R5T.F0059\source\R5T.F0059\R5T.F0059.csproj", "{C25E33F3-3EAF-4EA5-AED3-A694912F61E7}"
EndProject
Project("{9A19103F-16F7-4668-BE54-9A1E7A4F7556}") = "R5T.L0053", "..\..\R5T.L0053\source\R5T.L0053\R5T.L0053.csproj", "{FC6AE4D0-D4E8-4935-A8CD-6F208473DFF8}"
EndProject
Project("{9A19103F-16F7-4668-BE54-9A1E7A4F7556}") = "R5T.L0056", "..\..\R5T.L0056\source\R5T.L0056\R5T.L0056.csproj", "{79E4F5B6-615A-4C50-A921-91A84183386C}"
EndProject
Project("{9A19103F-16F7-4668-BE54-9A1E7A4F7556}") = "R5T.L0066", "..\..\R5T.L0066\source\R5T.L0066\R5T.L0066.csproj", "{0B8EC19E-4D53-4859-A444-3C7A2C48B9E1}"
EndProject
Project("{9A19103F-16F7-4668-BE54-9A1E7A4F7556}") = "R5T.L0069.T000", "..\..\R5T.L0069\source\R5T.L0069.T000\R5T.L0069.T000.csproj", "{F8FA32AA-9FF8-4CEF-BFBF-B94FE74145CB}"
EndProject
Project("{9A19103F-16F7-4668-BE54-9A1E7A4F7556}") = "R5T.L0069.T001", "..\..\R5T.L0069\source\R5T.L0069.T001\R5T.L0069.T001.csproj", "{97EEA966-3767-4F1D-A81B-A80798FD3FA6}"
EndProject
Project("{9A19103F-16F7-4668-BE54-9A1E7A4F7556}") = "R5T.L0069", "..\..\R5T.L0069\source\R5T.L0069\R5T.L0069.csproj", "{BC2EBFA5-47CC-4CD1-B722-415FC7EE5AE9}"
EndProject
Project("{9A19103F-16F7-4668-BE54-9A1E7A4F7556}") = "R5T.L0071", "..\..\R5T.L0071\source\R5T.L0071\R5T.L0071.csproj", "{2FDB4EF5-C3FC-44DD-A0E4-9AE6F0ECD6F1}"
EndProject
Project("{9A19103F-16F7-4668-BE54-9A1E7A4F7556}") = "R5T.L0074", "..\..\R5T.L0074\source\R5T.L0074\R5T.L0074.csproj", "{00747FAF-A115-4D37-83BA-562564B2BD58}"
EndProject
Project("{9A19103F-16F7-4668-BE54-9A1E7A4F7556}") = "R5T.L0089.F000", "..\..\R5T.L0089\source\R5T.L0089.F000\R5T.L0089.F000.csproj", "{04813D11-F759-4EDC-BC37-958A69296CD8}"
EndProject
Project("{9A19103F-16F7-4668-BE54-9A1E7A4F7556}") = "R5T.L0089.T000", "..\..\R5T.L0089\source\R5T.L0089.T000\R5T.L0089.T000.csproj", "{20AFC55D-B46E-40DC-B510-7F9156988F06}"
EndProject
Project("{9A19103F-16F7-4668-BE54-9A1E7A4F7556}") = "R5T.L0089", "..\..\R5T.L0089\source\R5T.L0089\R5T.L0089.csproj", "{C635F259-D56F-41AD-BBEB-631E7C8DD153}"
EndProject
Project("{9A19103F-16F7-4668-BE54-9A1E7A4F7556}") = "R5T.NG0006", "..\..\R5T.NG0006\source\R5T.NG0006\R5T.NG0006.csproj", "{79656CBF-2042-429E-A519-907CE4E37816}"
EndProject
Project("{9A19103F-16F7-4668-BE54-9A1E7A4F7556}") = "R5T.T0158", "..\..\R5T.T0158\source\R5T.T0158\R5T.T0158.csproj", "{001EB375-81BB-41B0-BE69-D0066BD15534}"
EndProject
Project("{9A19103F-16F7-4668-BE54-9A1E7A4F7556}") = "R5T.T0159", "..\..\R5T.T0159\source\R5T.T0159\R5T.T0159.csproj", "{7C5BBCAF-F8BC-42A9-BDBC-9B5CEF36F4F5}"
EndProject
Project("{9A19103F-16F7-4668-BE54-9A1E7A4F7556}") = "R5T.T0199.T000", "..\..\R5T.T0199\source\R5T.T0199.T000\R5T.T0199.T000.csproj", "{82B6EDEC-8498-49C2-9605-5D12EF17348D}"
EndProject
Project("{9A19103F-16F7-4668-BE54-9A1E7A4F7556}") = "R5T.T0199.T001", "..\..\R5T.T0199\source\R5T.T0199.T001\R5T.T0199.T001.csproj", "{B4A826B4-9463-453B-BDBC-AFD10CDE0484}"
EndProject
Project("{9A19103F-16F7-4668-BE54-9A1E7A4F7556}") = "R5T.T0219", "..\..\R5T.T0219\source\R5T.T0219\R5T.T0219.csproj", "{B80FB0FA-9002-4B99-BC98-E66C89731AD5}"
EndProject
Project("{9A19103F-16F7-4668-BE54-9A1E7A4F7556}") = "R5T.T0227", "..\..\R5T.T0227\source\R5T.T0227\R5T.T0227.csproj", "{84270408-D72D-4ED5-8379-FBA572ACEA24}"
EndProject
Project("{9A19103F-16F7-4668-BE54-9A1E7A4F7556}") = "R5T.T0241", "..\..\R5T.T0241\source\R5T.T0241\R5T.T0241.csproj", "{CD26EF73-42C3-405B-8BC9-F77253E65292}"
EndProject
Project("{9A19103F-16F7-4668-BE54-9A1E7A4F7556}") = "R5T.T0252", "..\..\R5T.T0252\source\R5T.T0252\R5T.T0252.csproj", "{C2310DC4-BF1A-4499-ADC8-17D635A9270A}"
EndProject
Project("{9A19103F-16F7-4668-BE54-9A1E7A4F7556}") = "R5T.Y0006", "..\..\R5T.Y0006\source\R5T.Y0006\R5T.Y0006.csproj", "{22D7CF35-401D-47BE-AAD9-C2DC9E7585BE}"
EndProject
Project("{9A19103F-16F7-4668-BE54-9A1E7A4F7556}") = "R5T.Z0057.Platform", "..\..\R5T.Z0057\source\R5T.Z0057.Platform\R5T.Z0057.Platform.csproj", "{6889DF15-0985-4C01-A906-8891F293E725}"
EndProject
Project("{9A19103F-16F7-4668-BE54-9A1E7A4F7556}") = "R5T.Z0057", "..\..\R5T.Z0057\source\R5T.Z0057\R5T.Z0057.csproj", "{A9F1BFEB-0CA9-4F02-8AD4-D9EB65A8035E}"
EndProject
Project("{9A19103F-16F7-4668-BE54-9A1E7A4F7556}") = "R5T.Z0058", "..\..\R5T.Z0058\source\R5T.Z0058\R5T.Z0058.csproj", "{B95C0DEB-3EA6-4B00-B1D8-2599B4C81684}"
EndProject
Project("{9A19103F-16F7-4668-BE54-9A1E7A4F7556}") = "R5T.Z0072.Z000", "..\..\R5T.Z0072\source\R5T.Z0072.Z000\R5T.Z0072.Z000.csproj", "{E61E0DCA-9FD6-46C7-9446-C4FFF5FDED75}"
EndProject
Project("{9A19103F-16F7-4668-BE54-9A1E7A4F7556}") = "R5T.Z0072.Z001", "..\..\R5T.Z0072\source\R5T.Z0072.Z001\R5T.Z0072.Z001.csproj", "{EE6B5E23-E91C-489A-87FB-9BCEEADFA7DF}"
EndProject
Project("{9A19103F-16F7-4668-BE54-9A1E7A4F7556}") = "R5T.Z0072.Z002", "..\..\R5T.Z0072\source\R5T.Z0072.Z002\R5T.Z0072.Z002.csproj", "{92C3EE29-6BE6-499D-9187-2A65F380AB26}"
EndProject
Project("{9A19103F-16F7-4668-BE54-9A1E7A4F7556}") = "R5T.Z0072.Z004", "..\..\R5T.Z0072\source\R5T.Z0072.Z004\R5T.Z0072.Z004.csproj", "{20A1DDF0-1BAF-4B7D-BB7E-01DA1698D973}"
EndProject
Global
	GlobalSection(NestedProjects) = preSolution
		{F16B3225-646F-4CC3-9D27-A80B11B42E47} = {EBE0D0FB-E19A-4DEA-935E-E3F62530FBC9}
		{DDD3F019-8D48-49F6-8918-D613F4273CB0} = {EBE0D0FB-E19A-4DEA-935E-E3F62530FBC9}
		{50CDB7E4-954E-4C84-8D5B-8A344F420AE6} = {EBE0D0FB-E19A-4DEA-935E-E3F62530FBC9}
		{43438CFC-228C-4301-92AB-96E0D1939BE0} = {EBE0D0FB-E19A-4DEA-935E-E3F62530FBC9}
		{69303716-8A42-4C0A-ACB5-D9E005CBA239} = {EBE0D0FB-E19A-4DEA-935E-E3F62530FBC9}
		{0A936F5D-7733-4CC3-A941-6484A5E1332A} = {EBE0D0FB-E19A-4DEA-935E-E3F62530FBC9}
		{10DAF13A-98D5-4917-BDE2-02FC0875A896} = {EBE0D0FB-E19A-4DEA-935E-E3F62530FBC9}
		{F01E6EAE-FE7F-466E-A4DE-BFF742A459F7} = {EBE0D0FB-E19A-4DEA-935E-E3F62530FBC9}
		{07EF90FE-BBD4-49A2-9C8B-0C66543CCEE8} = {EBE0D0FB-E19A-4DEA-935E-E3F62530FBC9}
		{2F209FEE-B02E-4BDF-9220-A06D9DBE5474} = {EBE0D0FB-E19A-4DEA-935E-E3F62530FBC9}
		{2C3B525B-72ED-43E6-AC7E-9F1DAD53DD0F} = {EBE0D0FB-E19A-4DEA-935E-E3F62530FBC9}
		{F4C43F46-7CE3-4AF1-B909-B7DCDA84CE49} = {EBE0D0FB-E19A-4DEA-935E-E3F62530FBC9}
		{DF5CCB8F-125D-44E3-B81E-9B9840C4D971} = {EBE0D0FB-E19A-4DEA-935E-E3F62530FBC9}
		{6E12F804-7784-4CD3-92E3-A9FCBED34894} = {EBE0D0FB-E19A-4DEA-935E-E3F62530FBC9}
		{8ECC28FC-670B-4AFB-A84E-B0C1940C176A} = {EBE0D0FB-E19A-4DEA-935E-E3F62530FBC9}
		{57785C2C-B535-481C-916A-71F056373D40} = {EBE0D0FB-E19A-4DEA-935E-E3F62530FBC9}
		{0DF847F5-C3C3-4538-A0EC-1AB657A8028E} = {EBE0D0FB-E19A-4DEA-935E-E3F62530FBC9}
		{5846DF34-5EF5-41A0-A7C9-881C5C87A66A} = {EBE0D0FB-E19A-4DEA-935E-E3F62530FBC9}
		{B2267E65-366D-4B04-8DFD-71478C4D9979} = {EBE0D0FB-E19A-4DEA-935E-E3F62530FBC9}
		{A9F373F0-7F0C-43CF-9451-BD8EC614F19C} = {EBE0D0FB-E19A-4DEA-935E-E3F62530FBC9}
		{6F888ED4-1DEA-40FA-9AE8-13F8763E2B98} = {EBE0D0FB-E19A-4DEA-935E-E3F62530FBC9}
		{2502B43D-CF6E-45AC-BC25-A96D3170810E} = {EBE0D0FB-E19A-4DEA-935E-E3F62530FBC9}
		{10390532-437C-45E8-8889-B3443BD9C860} = {EBE0D0FB-E19A-4DEA-935E-E3F62530FBC9}
		{0CC6D771-8613-4731-BAB2-07D4604366C5} = {EBE0D0FB-E19A-4DEA-935E-E3F62530FBC9}
		{2AD9D41F-2C2C-4EAE-AD52-1524BAC090C7} = {EBE0D0FB-E19A-4DEA-935E-E3F62530FBC9}
		{C2C881B2-4B8E-4AC2-9ABE-14D30D1F13E6} = {EBE0D0FB-E19A-4DEA-935E-E3F62530FBC9}
		{577750FE-8B4D-4F59-8FF7-A3B07CCE93E7} = {EBE0D0FB-E19A-4DEA-935E-E3F62530FBC9}
		{75665022-25EA-4778-97DC-1102E4385DBE} = {EBE0D0FB-E19A-4DEA-935E-E3F62530FBC9}
		{3D9BE606-7FE7-4E8F-8B6A-F174F1BE7BE2} = {EBE0D0FB-E19A-4DEA-935E-E3F62530FBC9}
		{6D696F1E-DF9E-4EDB-8EE2-DEF4AA89A28D} = {EBE0D0FB-E19A-4DEA-935E-E3F62530FBC9}
		{2A06E736-D818-4340-93D7-0327C7C0FE14} = {EBE0D0FB-E19A-4DEA-935E-E3F62530FBC9}
		{52AE4675-D4E1-4660-96F2-CAF750BBEAD9} = {EBE0D0FB-E19A-4DEA-935E-E3F62530FBC9}
		{8042B3F4-3E25-41C7-8940-C23E87191725} = {EBE0D0FB-E19A-4DEA-935E-E3F62530FBC9}
		{4747F7C9-7E09-4B8B-B974-84EFEDBBE681} = {EBE0D0FB-E19A-4DEA-935E-E3F62530FBC9}
		{C49A289F-C29A-4B74-9759-15A02641103B} = {EBE0D0FB-E19A-4DEA-935E-E3F62530FBC9}
		{735D4514-2582-4889-B905-FE61EB7AEF68} = {EBE0D0FB-E19A-4DEA-935E-E3F62530FBC9}
		{B8DF370E-7863-4A4B-89E4-8F69F6FC787B} = {EBE0D0FB-E19A-4DEA-935E-E3F62530FBC9}
		{49DE971E-453A-44E6-9132-1C894152F77A} = {EBE0D0FB-E19A-4DEA-935E-E3F62530FBC9}
		{2E47B86E-590D-4F14-9EB9-DD5B31A4CEA8} = {EBE0D0FB-E19A-4DEA-935E-E3F62530FBC9}
		{A0EB56C7-F4E6-4439-AEDC-34D785AA6270} = {EBE0D0FB-E19A-4DEA-935E-E3F62530FBC9}
		{FB2E4113-7B5F-4A7B-8BC0-08E44C3E2091} = {EBE0D0FB-E19A-4DEA-935E-E3F62530FBC9}
		{B52D75D2-EA53-4FEC-88E6-6B6339DDED54} = {EBE0D0FB-E19A-4DEA-935E-E3F62530FBC9}
		{7723B119-FF66-4B4C-A663-BF61DABC206D} = {EBE0D0FB-E19A-4DEA-935E-E3F62530FBC9}
		{C9DB9C24-7E72-466F-A4C6-634BFC0B7082} = {EBE0D0FB-E19A-4DEA-935E-E3F62530FBC9}
		{C919AF5A-1A8A-4772-BCBD-6D303A9B4248} = {EBE0D0FB-E19A-4DEA-935E-E3F62530FBC9}
		{D008DD9C-D461-4199-BF43-0BD30366D28A} = {EBE0D0FB-E19A-4DEA-935E-E3F62530FBC9}
		{0148A6DB-FA01-4E91-B726-BA76C143D0A3} = {EBE0D0FB-E19A-4DEA-935E-E3F62530FBC9}
		{43B6728D-BD13-48BF-89EF-CAA211F3389C} = {EBE0D0FB-E19A-4DEA-935E-E3F62530FBC9}
		{DF7293DA-5A0C-43AC-B736-ADD2C8E60947} = {EBE0D0FB-E19A-4DEA-935E-E3F62530FBC9}
		{1D60F837-C3AC-4A23-82F4-A1D81CBFD36D} = {EBE0D0FB-E19A-4DEA-935E-E3F62530FBC9}
		{78631EC8-767E-4882-9B60-E0B5A3E08836} = {EBE0D0FB-E19A-4DEA-935E-E3F62530FBC9}
		{493E3937-13CD-4259-B30D-26ECD64DAA62} = {EBE0D0FB-E19A-4DEA-935E-E3F62530FBC9}
		{DD3985BF-8295-4FC2-8554-CED83284E0DB} = {EBE0D0FB-E19A-4DEA-935E-E3F62530FBC9}
		{305A6E59-24FB-47B7-B3F4-12F3318D7528} = {EBE0D0FB-E19A-4DEA-935E-E3F62530FBC9}
		{0F08D1D9-6F22-4EEF-ABB4-3FBD4FB99FA3} = {EBE0D0FB-E19A-4DEA-935E-E3F62530FBC9}
		{E95667C3-2D9E-48E2-B9D9-F4FC1F04816E} = {EBE0D0FB-E19A-4DEA-935E-E3F62530FBC9}
		{B667F972-65E7-401E-BF22-BB84E62D3CCA} = {EBE0D0FB-E19A-4DEA-935E-E3F62530FBC9}
		{53C143CB-33D7-4C1A-9335-6E87D8DC9618} = {EBE0D0FB-E19A-4DEA-935E-E3F62530FBC9}
		{08F630EF-D47A-46EB-903F-540C40258C4E} = {EBE0D0FB-E19A-4DEA-935E-E3F62530FBC9}
		{6452E3D9-96BC-4966-A8D7-B8EE92361F3C} = {EBE0D0FB-E19A-4DEA-935E-E3F62530FBC9}
		{0CD7260F-C11A-46D6-976D-68A039AF2F0F} = {EBE0D0FB-E19A-4DEA-935E-E3F62530FBC9}
		{2645D43C-24D7-4B5B-BDB0-9D55FBB76466} = {EBE0D0FB-E19A-4DEA-935E-E3F62530FBC9}
		{0EC06393-F52F-4CFA-94B5-2279F4EC1435} = {EBE0D0FB-E19A-4DEA-935E-E3F62530FBC9}
		{727C84D4-D88C-4F32-9D4F-6F5DBCC1BAAD} = {EBE0D0FB-E19A-4DEA-935E-E3F62530FBC9}
		{24C4EB26-4DDC-41C4-BAE9-D8281751C5E7} = {EBE0D0FB-E19A-4DEA-935E-E3F62530FBC9}
		{4D13F7ED-8230-483F-A506-B07AC6EE1128} = {EBE0D0FB-E19A-4DEA-935E-E3F62530FBC9}
		{C1404D26-2D2E-44A9-A6E8-423540E12ABA} = {EBE0D0FB-E19A-4DEA-935E-E3F62530FBC9}
		{90DA6CCE-8E33-4ADC-AA02-033277CBAF17} = {EBE0D0FB-E19A-4DEA-935E-E3F62530FBC9}
		{2A320CFC-EFF6-49D4-9AE2-680DBA6B5E20} = {EBE0D0FB-E19A-4DEA-935E-E3F62530FBC9}
		{C25E33F3-3EAF-4EA5-AED3-A694912F61E7} = {EBE0D0FB-E19A-4DEA-935E-E3F62530FBC9}
		{FC6AE4D0-D4E8-4935-A8CD-6F208473DFF8} = {EBE0D0FB-E19A-4DEA-935E-E3F62530FBC9}
		{79E4F5B6-615A-4C50-A921-91A84183386C} = {EBE0D0FB-E19A-4DEA-935E-E3F62530FBC9}
		{0B8EC19E-4D53-4859-A444-3C7A2C48B9E1} = {EBE0D0FB-E19A-4DEA-935E-E3F62530FBC9}
		{F8FA32AA-9FF8-4CEF-BFBF-B94FE74145CB} = {EBE0D0FB-E19A-4DEA-935E-E3F62530FBC9}
		{97EEA966-3767-4F1D-A81B-A80798FD3FA6} = {EBE0D0FB-E19A-4DEA-935E-E3F62530FBC9}
		{BC2EBFA5-47CC-4CD1-B722-415FC7EE5AE9} = {EBE0D0FB-E19A-4DEA-935E-E3F62530FBC9}
		{2FDB4EF5-C3FC-44DD-A0E4-9AE6F0ECD6F1} = {EBE0D0FB-E19A-4DEA-935E-E3F62530FBC9}
		{00747FAF-A115-4D37-83BA-562564B2BD58} = {EBE0D0FB-E19A-4DEA-935E-E3F62530FBC9}
		{04813D11-F759-4EDC-BC37-958A69296CD8} = {EBE0D0FB-E19A-4DEA-935E-E3F62530FBC9}
		{20AFC55D-B46E-40DC-B510-7F9156988F06} = {EBE0D0FB-E19A-4DEA-935E-E3F62530FBC9}
		{C635F259-D56F-41AD-BBEB-631E7C8DD153} = {EBE0D0FB-E19A-4DEA-935E-E3F62530FBC9}
		{79656CBF-2042-429E-A519-907CE4E37816} = {EBE0D0FB-E19A-4DEA-935E-E3F62530FBC9}
		{001EB375-81BB-41B0-BE69-D0066BD15534} = {EBE0D0FB-E19A-4DEA-935E-E3F62530FBC9}
		{7C5BBCAF-F8BC-42A9-BDBC-9B5CEF36F4F5} = {EBE0D0FB-E19A-4DEA-935E-E3F62530FBC9}
		{82B6EDEC-8498-49C2-9605-5D12EF17348D} = {EBE0D0FB-E19A-4DEA-935E-E3F62530FBC9}
		{B4A826B4-9463-453B-BDBC-AFD10CDE0484} = {EBE0D0FB-E19A-4DEA-935E-E3F62530FBC9}
		{B80FB0FA-9002-4B99-BC98-E66C89731AD5} = {EBE0D0FB-E19A-4DEA-935E-E3F62530FBC9}
		{84270408-D72D-4ED5-8379-FBA572ACEA24} = {EBE0D0FB-E19A-4DEA-935E-E3F62530FBC9}
		{CD26EF73-42C3-405B-8BC9-F77253E65292} = {EBE0D0FB-E19A-4DEA-935E-E3F62530FBC9}
		{C2310DC4-BF1A-4499-ADC8-17D635A9270A} = {EBE0D0FB-E19A-4DEA-935E-E3F62530FBC9}
		{22D7CF35-401D-47BE-AAD9-C2DC9E7585BE} = {EBE0D0FB-E19A-4DEA-935E-E3F62530FBC9}
		{6889DF15-0985-4C01-A906-8891F293E725} = {EBE0D0FB-E19A-4DEA-935E-E3F62530FBC9}
		{A9F1BFEB-0CA9-4F02-8AD4-D9EB65A8035E} = {EBE0D0FB-E19A-4DEA-935E-E3F62530FBC9}
		{B95C0DEB-3EA6-4B00-B1D8-2599B4C81684} = {EBE0D0FB-E19A-4DEA-935E-E3F62530FBC9}
		{E61E0DCA-9FD6-46C7-9446-C4FFF5FDED75} = {EBE0D0FB-E19A-4DEA-935E-E3F62530FBC9}
		{EE6B5E23-E91C-489A-87FB-9BCEEADFA7DF} = {EBE0D0FB-E19A-4DEA-935E-E3F62530FBC9}
		{92C3EE29-6BE6-499D-9187-2A65F380AB26} = {EBE0D0FB-E19A-4DEA-935E-E3F62530FBC9}
		{20A1DDF0-1BAF-4B7D-BB7E-01DA1698D973} = {EBE0D0FB-E19A-4DEA-935E-E3F62530FBC9}
	EndGlobalSection
	GlobalSection(SolutionConfigurationPlatforms) = preSolution
		Debug|Any CPU = Debug|Any CPU
		Release|Any CPU = Release|Any CPU
	EndGlobalSection
	GlobalSection(ProjectConfigurationPlatforms) = postSolution
		{3D5F4AA2-A8A7-414D-86E2-7777131FE0D4}.Debug|Any CPU.ActiveCfg = Debug|Any CPU
		{3D5F4AA2-A8A7-414D-86E2-7777131FE0D4}.Debug|Any CPU.Build.0 = Debug|Any CPU
		{3D5F4AA2-A8A7-414D-86E2-7777131FE0D4}.Release|Any CPU.ActiveCfg = Release|Any CPU
		{3D5F4AA2-A8A7-414D-86E2-7777131FE0D4}.Release|Any CPU.Build.0 = Release|Any CPU
		{EA138614-B55D-4A4B-B06A-2CFEB38552BD}.Debug|Any CPU.ActiveCfg = Debug|Any CPU
		{EA138614-B55D-4A4B-B06A-2CFEB38552BD}.Debug|Any CPU.Build.0 = Debug|Any CPU
		{EA138614-B55D-4A4B-B06A-2CFEB38552BD}.Release|Any CPU.ActiveCfg = Release|Any CPU
		{EA138614-B55D-4A4B-B06A-2CFEB38552BD}.Release|Any CPU.Build.0 = Release|Any CPU
		{F16B3225-646F-4CC3-9D27-A80B11B42E47}.Debug|Any CPU.ActiveCfg = Debug|Any CPU
		{F16B3225-646F-4CC3-9D27-A80B11B42E47}.Debug|Any CPU.Build.0 = Debug|Any CPU
		{F16B3225-646F-4CC3-9D27-A80B11B42E47}.Release|Any CPU.ActiveCfg = Release|Any CPU
		{F16B3225-646F-4CC3-9D27-A80B11B42E47}.Release|Any CPU.Build.0 = Release|Any CPU
		{DDD3F019-8D48-49F6-8918-D613F4273CB0}.Debug|Any CPU.ActiveCfg = Debug|Any CPU
		{DDD3F019-8D48-49F6-8918-D613F4273CB0}.Debug|Any CPU.Build.0 = Debug|Any CPU
		{DDD3F019-8D48-49F6-8918-D613F4273CB0}.Release|Any CPU.ActiveCfg = Release|Any CPU
		{DDD3F019-8D48-49F6-8918-D613F4273CB0}.Release|Any CPU.Build.0 = Release|Any CPU
		{50CDB7E4-954E-4C84-8D5B-8A344F420AE6}.Debug|Any CPU.ActiveCfg = Debug|Any CPU
		{50CDB7E4-954E-4C84-8D5B-8A344F420AE6}.Debug|Any CPU.Build.0 = Debug|Any CPU
		{50CDB7E4-954E-4C84-8D5B-8A344F420AE6}.Release|Any CPU.ActiveCfg = Release|Any CPU
		{50CDB7E4-954E-4C84-8D5B-8A344F420AE6}.Release|Any CPU.Build.0 = Release|Any CPU
		{43438CFC-228C-4301-92AB-96E0D1939BE0}.Debug|Any CPU.ActiveCfg = Debug|Any CPU
		{43438CFC-228C-4301-92AB-96E0D1939BE0}.Debug|Any CPU.Build.0 = Debug|Any CPU
		{43438CFC-228C-4301-92AB-96E0D1939BE0}.Release|Any CPU.ActiveCfg = Release|Any CPU
		{43438CFC-228C-4301-92AB-96E0D1939BE0}.Release|Any CPU.Build.0 = Release|Any CPU
		{69303716-8A42-4C0A-ACB5-D9E005CBA239}.Debug|Any CPU.ActiveCfg = Debug|Any CPU
		{69303716-8A42-4C0A-ACB5-D9E005CBA239}.Debug|Any CPU.Build.0 = Debug|Any CPU
		{69303716-8A42-4C0A-ACB5-D9E005CBA239}.Release|Any CPU.ActiveCfg = Release|Any CPU
		{69303716-8A42-4C0A-ACB5-D9E005CBA239}.Release|Any CPU.Build.0 = Release|Any CPU
		{0A936F5D-7733-4CC3-A941-6484A5E1332A}.Debug|Any CPU.ActiveCfg = Debug|Any CPU
		{0A936F5D-7733-4CC3-A941-6484A5E1332A}.Debug|Any CPU.Build.0 = Debug|Any CPU
		{0A936F5D-7733-4CC3-A941-6484A5E1332A}.Release|Any CPU.ActiveCfg = Release|Any CPU
		{0A936F5D-7733-4CC3-A941-6484A5E1332A}.Release|Any CPU.Build.0 = Release|Any CPU
		{10DAF13A-98D5-4917-BDE2-02FC0875A896}.Debug|Any CPU.ActiveCfg = Debug|Any CPU
		{10DAF13A-98D5-4917-BDE2-02FC0875A896}.Debug|Any CPU.Build.0 = Debug|Any CPU
		{10DAF13A-98D5-4917-BDE2-02FC0875A896}.Release|Any CPU.ActiveCfg = Release|Any CPU
		{10DAF13A-98D5-4917-BDE2-02FC0875A896}.Release|Any CPU.Build.0 = Release|Any CPU
		{F01E6EAE-FE7F-466E-A4DE-BFF742A459F7}.Debug|Any CPU.ActiveCfg = Debug|Any CPU
		{F01E6EAE-FE7F-466E-A4DE-BFF742A459F7}.Debug|Any CPU.Build.0 = Debug|Any CPU
		{F01E6EAE-FE7F-466E-A4DE-BFF742A459F7}.Release|Any CPU.ActiveCfg = Release|Any CPU
		{F01E6EAE-FE7F-466E-A4DE-BFF742A459F7}.Release|Any CPU.Build.0 = Release|Any CPU
		{07EF90FE-BBD4-49A2-9C8B-0C66543CCEE8}.Debug|Any CPU.ActiveCfg = Debug|Any CPU
		{07EF90FE-BBD4-49A2-9C8B-0C66543CCEE8}.Debug|Any CPU.Build.0 = Debug|Any CPU
		{07EF90FE-BBD4-49A2-9C8B-0C66543CCEE8}.Release|Any CPU.ActiveCfg = Release|Any CPU
		{07EF90FE-BBD4-49A2-9C8B-0C66543CCEE8}.Release|Any CPU.Build.0 = Release|Any CPU
		{2F209FEE-B02E-4BDF-9220-A06D9DBE5474}.Debug|Any CPU.ActiveCfg = Debug|Any CPU
		{2F209FEE-B02E-4BDF-9220-A06D9DBE5474}.Debug|Any CPU.Build.0 = Debug|Any CPU
		{2F209FEE-B02E-4BDF-9220-A06D9DBE5474}.Release|Any CPU.ActiveCfg = Release|Any CPU
		{2F209FEE-B02E-4BDF-9220-A06D9DBE5474}.Release|Any CPU.Build.0 = Release|Any CPU
		{2C3B525B-72ED-43E6-AC7E-9F1DAD53DD0F}.Debug|Any CPU.ActiveCfg = Debug|Any CPU
		{2C3B525B-72ED-43E6-AC7E-9F1DAD53DD0F}.Debug|Any CPU.Build.0 = Debug|Any CPU
		{2C3B525B-72ED-43E6-AC7E-9F1DAD53DD0F}.Release|Any CPU.ActiveCfg = Release|Any CPU
		{2C3B525B-72ED-43E6-AC7E-9F1DAD53DD0F}.Release|Any CPU.Build.0 = Release|Any CPU
		{F4C43F46-7CE3-4AF1-B909-B7DCDA84CE49}.Debug|Any CPU.ActiveCfg = Debug|Any CPU
		{F4C43F46-7CE3-4AF1-B909-B7DCDA84CE49}.Debug|Any CPU.Build.0 = Debug|Any CPU
		{F4C43F46-7CE3-4AF1-B909-B7DCDA84CE49}.Release|Any CPU.ActiveCfg = Release|Any CPU
		{F4C43F46-7CE3-4AF1-B909-B7DCDA84CE49}.Release|Any CPU.Build.0 = Release|Any CPU
		{DF5CCB8F-125D-44E3-B81E-9B9840C4D971}.Debug|Any CPU.ActiveCfg = Debug|Any CPU
		{DF5CCB8F-125D-44E3-B81E-9B9840C4D971}.Debug|Any CPU.Build.0 = Debug|Any CPU
		{DF5CCB8F-125D-44E3-B81E-9B9840C4D971}.Release|Any CPU.ActiveCfg = Release|Any CPU
		{DF5CCB8F-125D-44E3-B81E-9B9840C4D971}.Release|Any CPU.Build.0 = Release|Any CPU
		{6E12F804-7784-4CD3-92E3-A9FCBED34894}.Debug|Any CPU.ActiveCfg = Debug|Any CPU
		{6E12F804-7784-4CD3-92E3-A9FCBED34894}.Debug|Any CPU.Build.0 = Debug|Any CPU
		{6E12F804-7784-4CD3-92E3-A9FCBED34894}.Release|Any CPU.ActiveCfg = Release|Any CPU
		{6E12F804-7784-4CD3-92E3-A9FCBED34894}.Release|Any CPU.Build.0 = Release|Any CPU
		{8ECC28FC-670B-4AFB-A84E-B0C1940C176A}.Debug|Any CPU.ActiveCfg = Debug|Any CPU
		{8ECC28FC-670B-4AFB-A84E-B0C1940C176A}.Debug|Any CPU.Build.0 = Debug|Any CPU
		{8ECC28FC-670B-4AFB-A84E-B0C1940C176A}.Release|Any CPU.ActiveCfg = Release|Any CPU
		{8ECC28FC-670B-4AFB-A84E-B0C1940C176A}.Release|Any CPU.Build.0 = Release|Any CPU
		{57785C2C-B535-481C-916A-71F056373D40}.Debug|Any CPU.ActiveCfg = Debug|Any CPU
		{57785C2C-B535-481C-916A-71F056373D40}.Debug|Any CPU.Build.0 = Debug|Any CPU
		{57785C2C-B535-481C-916A-71F056373D40}.Release|Any CPU.ActiveCfg = Release|Any CPU
		{57785C2C-B535-481C-916A-71F056373D40}.Release|Any CPU.Build.0 = Release|Any CPU
		{0DF847F5-C3C3-4538-A0EC-1AB657A8028E}.Debug|Any CPU.ActiveCfg = Debug|Any CPU
		{0DF847F5-C3C3-4538-A0EC-1AB657A8028E}.Debug|Any CPU.Build.0 = Debug|Any CPU
		{0DF847F5-C3C3-4538-A0EC-1AB657A8028E}.Release|Any CPU.ActiveCfg = Release|Any CPU
		{0DF847F5-C3C3-4538-A0EC-1AB657A8028E}.Release|Any CPU.Build.0 = Release|Any CPU
		{5846DF34-5EF5-41A0-A7C9-881C5C87A66A}.Debug|Any CPU.ActiveCfg = Debug|Any CPU
		{5846DF34-5EF5-41A0-A7C9-881C5C87A66A}.Debug|Any CPU.Build.0 = Debug|Any CPU
		{5846DF34-5EF5-41A0-A7C9-881C5C87A66A}.Release|Any CPU.ActiveCfg = Release|Any CPU
		{5846DF34-5EF5-41A0-A7C9-881C5C87A66A}.Release|Any CPU.Build.0 = Release|Any CPU
		{B2267E65-366D-4B04-8DFD-71478C4D9979}.Debug|Any CPU.ActiveCfg = Debug|Any CPU
		{B2267E65-366D-4B04-8DFD-71478C4D9979}.Debug|Any CPU.Build.0 = Debug|Any CPU
		{B2267E65-366D-4B04-8DFD-71478C4D9979}.Release|Any CPU.ActiveCfg = Release|Any CPU
		{B2267E65-366D-4B04-8DFD-71478C4D9979}.Release|Any CPU.Build.0 = Release|Any CPU
		{A9F373F0-7F0C-43CF-9451-BD8EC614F19C}.Debug|Any CPU.ActiveCfg = Debug|Any CPU
		{A9F373F0-7F0C-43CF-9451-BD8EC614F19C}.Debug|Any CPU.Build.0 = Debug|Any CPU
		{A9F373F0-7F0C-43CF-9451-BD8EC614F19C}.Release|Any CPU.ActiveCfg = Release|Any CPU
		{A9F373F0-7F0C-43CF-9451-BD8EC614F19C}.Release|Any CPU.Build.0 = Release|Any CPU
		{6F888ED4-1DEA-40FA-9AE8-13F8763E2B98}.Debug|Any CPU.ActiveCfg = Debug|Any CPU
		{6F888ED4-1DEA-40FA-9AE8-13F8763E2B98}.Debug|Any CPU.Build.0 = Debug|Any CPU
		{6F888ED4-1DEA-40FA-9AE8-13F8763E2B98}.Release|Any CPU.ActiveCfg = Release|Any CPU
		{6F888ED4-1DEA-40FA-9AE8-13F8763E2B98}.Release|Any CPU.Build.0 = Release|Any CPU
		{2502B43D-CF6E-45AC-BC25-A96D3170810E}.Debug|Any CPU.ActiveCfg = Debug|Any CPU
		{2502B43D-CF6E-45AC-BC25-A96D3170810E}.Debug|Any CPU.Build.0 = Debug|Any CPU
		{2502B43D-CF6E-45AC-BC25-A96D3170810E}.Release|Any CPU.ActiveCfg = Release|Any CPU
		{2502B43D-CF6E-45AC-BC25-A96D3170810E}.Release|Any CPU.Build.0 = Release|Any CPU
		{10390532-437C-45E8-8889-B3443BD9C860}.Debug|Any CPU.ActiveCfg = Debug|Any CPU
		{10390532-437C-45E8-8889-B3443BD9C860}.Debug|Any CPU.Build.0 = Debug|Any CPU
		{10390532-437C-45E8-8889-B3443BD9C860}.Release|Any CPU.ActiveCfg = Release|Any CPU
		{10390532-437C-45E8-8889-B3443BD9C860}.Release|Any CPU.Build.0 = Release|Any CPU
		{0CC6D771-8613-4731-BAB2-07D4604366C5}.Debug|Any CPU.ActiveCfg = Debug|Any CPU
		{0CC6D771-8613-4731-BAB2-07D4604366C5}.Debug|Any CPU.Build.0 = Debug|Any CPU
		{0CC6D771-8613-4731-BAB2-07D4604366C5}.Release|Any CPU.ActiveCfg = Release|Any CPU
		{0CC6D771-8613-4731-BAB2-07D4604366C5}.Release|Any CPU.Build.0 = Release|Any CPU
		{2AD9D41F-2C2C-4EAE-AD52-1524BAC090C7}.Debug|Any CPU.ActiveCfg = Debug|Any CPU
		{2AD9D41F-2C2C-4EAE-AD52-1524BAC090C7}.Debug|Any CPU.Build.0 = Debug|Any CPU
		{2AD9D41F-2C2C-4EAE-AD52-1524BAC090C7}.Release|Any CPU.ActiveCfg = Release|Any CPU
		{2AD9D41F-2C2C-4EAE-AD52-1524BAC090C7}.Release|Any CPU.Build.0 = Release|Any CPU
		{C2C881B2-4B8E-4AC2-9ABE-14D30D1F13E6}.Debug|Any CPU.ActiveCfg = Debug|Any CPU
		{C2C881B2-4B8E-4AC2-9ABE-14D30D1F13E6}.Debug|Any CPU.Build.0 = Debug|Any CPU
		{C2C881B2-4B8E-4AC2-9ABE-14D30D1F13E6}.Release|Any CPU.ActiveCfg = Release|Any CPU
		{C2C881B2-4B8E-4AC2-9ABE-14D30D1F13E6}.Release|Any CPU.Build.0 = Release|Any CPU
		{577750FE-8B4D-4F59-8FF7-A3B07CCE93E7}.Debug|Any CPU.ActiveCfg = Debug|Any CPU
		{577750FE-8B4D-4F59-8FF7-A3B07CCE93E7}.Debug|Any CPU.Build.0 = Debug|Any CPU
		{577750FE-8B4D-4F59-8FF7-A3B07CCE93E7}.Release|Any CPU.ActiveCfg = Release|Any CPU
		{577750FE-8B4D-4F59-8FF7-A3B07CCE93E7}.Release|Any CPU.Build.0 = Release|Any CPU
		{75665022-25EA-4778-97DC-1102E4385DBE}.Debug|Any CPU.ActiveCfg = Debug|Any CPU
		{75665022-25EA-4778-97DC-1102E4385DBE}.Debug|Any CPU.Build.0 = Debug|Any CPU
		{75665022-25EA-4778-97DC-1102E4385DBE}.Release|Any CPU.ActiveCfg = Release|Any CPU
		{75665022-25EA-4778-97DC-1102E4385DBE}.Release|Any CPU.Build.0 = Release|Any CPU
		{3D9BE606-7FE7-4E8F-8B6A-F174F1BE7BE2}.Debug|Any CPU.ActiveCfg = Debug|Any CPU
		{3D9BE606-7FE7-4E8F-8B6A-F174F1BE7BE2}.Debug|Any CPU.Build.0 = Debug|Any CPU
		{3D9BE606-7FE7-4E8F-8B6A-F174F1BE7BE2}.Release|Any CPU.ActiveCfg = Release|Any CPU
		{3D9BE606-7FE7-4E8F-8B6A-F174F1BE7BE2}.Release|Any CPU.Build.0 = Release|Any CPU
		{6D696F1E-DF9E-4EDB-8EE2-DEF4AA89A28D}.Debug|Any CPU.ActiveCfg = Debug|Any CPU
		{6D696F1E-DF9E-4EDB-8EE2-DEF4AA89A28D}.Debug|Any CPU.Build.0 = Debug|Any CPU
		{6D696F1E-DF9E-4EDB-8EE2-DEF4AA89A28D}.Release|Any CPU.ActiveCfg = Release|Any CPU
		{6D696F1E-DF9E-4EDB-8EE2-DEF4AA89A28D}.Release|Any CPU.Build.0 = Release|Any CPU
		{2A06E736-D818-4340-93D7-0327C7C0FE14}.Debug|Any CPU.ActiveCfg = Debug|Any CPU
		{2A06E736-D818-4340-93D7-0327C7C0FE14}.Debug|Any CPU.Build.0 = Debug|Any CPU
		{2A06E736-D818-4340-93D7-0327C7C0FE14}.Release|Any CPU.ActiveCfg = Release|Any CPU
		{2A06E736-D818-4340-93D7-0327C7C0FE14}.Release|Any CPU.Build.0 = Release|Any CPU
		{52AE4675-D4E1-4660-96F2-CAF750BBEAD9}.Debug|Any CPU.ActiveCfg = Debug|Any CPU
		{52AE4675-D4E1-4660-96F2-CAF750BBEAD9}.Debug|Any CPU.Build.0 = Debug|Any CPU
		{52AE4675-D4E1-4660-96F2-CAF750BBEAD9}.Release|Any CPU.ActiveCfg = Release|Any CPU
		{52AE4675-D4E1-4660-96F2-CAF750BBEAD9}.Release|Any CPU.Build.0 = Release|Any CPU
		{8042B3F4-3E25-41C7-8940-C23E87191725}.Debug|Any CPU.ActiveCfg = Debug|Any CPU
		{8042B3F4-3E25-41C7-8940-C23E87191725}.Debug|Any CPU.Build.0 = Debug|Any CPU
		{8042B3F4-3E25-41C7-8940-C23E87191725}.Release|Any CPU.ActiveCfg = Release|Any CPU
		{8042B3F4-3E25-41C7-8940-C23E87191725}.Release|Any CPU.Build.0 = Release|Any CPU
		{4747F7C9-7E09-4B8B-B974-84EFEDBBE681}.Debug|Any CPU.ActiveCfg = Debug|Any CPU
		{4747F7C9-7E09-4B8B-B974-84EFEDBBE681}.Debug|Any CPU.Build.0 = Debug|Any CPU
		{4747F7C9-7E09-4B8B-B974-84EFEDBBE681}.Release|Any CPU.ActiveCfg = Release|Any CPU
		{4747F7C9-7E09-4B8B-B974-84EFEDBBE681}.Release|Any CPU.Build.0 = Release|Any CPU
		{C49A289F-C29A-4B74-9759-15A02641103B}.Debug|Any CPU.ActiveCfg = Debug|Any CPU
		{C49A289F-C29A-4B74-9759-15A02641103B}.Debug|Any CPU.Build.0 = Debug|Any CPU
		{C49A289F-C29A-4B74-9759-15A02641103B}.Release|Any CPU.ActiveCfg = Release|Any CPU
		{C49A289F-C29A-4B74-9759-15A02641103B}.Release|Any CPU.Build.0 = Release|Any CPU
		{735D4514-2582-4889-B905-FE61EB7AEF68}.Debug|Any CPU.ActiveCfg = Debug|Any CPU
		{735D4514-2582-4889-B905-FE61EB7AEF68}.Debug|Any CPU.Build.0 = Debug|Any CPU
		{735D4514-2582-4889-B905-FE61EB7AEF68}.Release|Any CPU.ActiveCfg = Release|Any CPU
		{735D4514-2582-4889-B905-FE61EB7AEF68}.Release|Any CPU.Build.0 = Release|Any CPU
		{B8DF370E-7863-4A4B-89E4-8F69F6FC787B}.Debug|Any CPU.ActiveCfg = Debug|Any CPU
		{B8DF370E-7863-4A4B-89E4-8F69F6FC787B}.Debug|Any CPU.Build.0 = Debug|Any CPU
		{B8DF370E-7863-4A4B-89E4-8F69F6FC787B}.Release|Any CPU.ActiveCfg = Release|Any CPU
		{B8DF370E-7863-4A4B-89E4-8F69F6FC787B}.Release|Any CPU.Build.0 = Release|Any CPU
		{49DE971E-453A-44E6-9132-1C894152F77A}.Debug|Any CPU.ActiveCfg = Debug|Any CPU
		{49DE971E-453A-44E6-9132-1C894152F77A}.Debug|Any CPU.Build.0 = Debug|Any CPU
		{49DE971E-453A-44E6-9132-1C894152F77A}.Release|Any CPU.ActiveCfg = Release|Any CPU
		{49DE971E-453A-44E6-9132-1C894152F77A}.Release|Any CPU.Build.0 = Release|Any CPU
		{2E47B86E-590D-4F14-9EB9-DD5B31A4CEA8}.Debug|Any CPU.ActiveCfg = Debug|Any CPU
		{2E47B86E-590D-4F14-9EB9-DD5B31A4CEA8}.Debug|Any CPU.Build.0 = Debug|Any CPU
		{2E47B86E-590D-4F14-9EB9-DD5B31A4CEA8}.Release|Any CPU.ActiveCfg = Release|Any CPU
		{2E47B86E-590D-4F14-9EB9-DD5B31A4CEA8}.Release|Any CPU.Build.0 = Release|Any CPU
		{A0EB56C7-F4E6-4439-AEDC-34D785AA6270}.Debug|Any CPU.ActiveCfg = Debug|Any CPU
		{A0EB56C7-F4E6-4439-AEDC-34D785AA6270}.Debug|Any CPU.Build.0 = Debug|Any CPU
		{A0EB56C7-F4E6-4439-AEDC-34D785AA6270}.Release|Any CPU.ActiveCfg = Release|Any CPU
		{A0EB56C7-F4E6-4439-AEDC-34D785AA6270}.Release|Any CPU.Build.0 = Release|Any CPU
		{FB2E4113-7B5F-4A7B-8BC0-08E44C3E2091}.Debug|Any CPU.ActiveCfg = Debug|Any CPU
		{FB2E4113-7B5F-4A7B-8BC0-08E44C3E2091}.Debug|Any CPU.Build.0 = Debug|Any CPU
		{FB2E4113-7B5F-4A7B-8BC0-08E44C3E2091}.Release|Any CPU.ActiveCfg = Release|Any CPU
		{FB2E4113-7B5F-4A7B-8BC0-08E44C3E2091}.Release|Any CPU.Build.0 = Release|Any CPU
		{B52D75D2-EA53-4FEC-88E6-6B6339DDED54}.Debug|Any CPU.ActiveCfg = Debug|Any CPU
		{B52D75D2-EA53-4FEC-88E6-6B6339DDED54}.Debug|Any CPU.Build.0 = Debug|Any CPU
		{B52D75D2-EA53-4FEC-88E6-6B6339DDED54}.Release|Any CPU.ActiveCfg = Release|Any CPU
		{B52D75D2-EA53-4FEC-88E6-6B6339DDED54}.Release|Any CPU.Build.0 = Release|Any CPU
		{7723B119-FF66-4B4C-A663-BF61DABC206D}.Debug|Any CPU.ActiveCfg = Debug|Any CPU
		{7723B119-FF66-4B4C-A663-BF61DABC206D}.Debug|Any CPU.Build.0 = Debug|Any CPU
		{7723B119-FF66-4B4C-A663-BF61DABC206D}.Release|Any CPU.ActiveCfg = Release|Any CPU
		{7723B119-FF66-4B4C-A663-BF61DABC206D}.Release|Any CPU.Build.0 = Release|Any CPU
		{C9DB9C24-7E72-466F-A4C6-634BFC0B7082}.Debug|Any CPU.ActiveCfg = Debug|Any CPU
		{C9DB9C24-7E72-466F-A4C6-634BFC0B7082}.Debug|Any CPU.Build.0 = Debug|Any CPU
		{C9DB9C24-7E72-466F-A4C6-634BFC0B7082}.Release|Any CPU.ActiveCfg = Release|Any CPU
		{C9DB9C24-7E72-466F-A4C6-634BFC0B7082}.Release|Any CPU.Build.0 = Release|Any CPU
		{C919AF5A-1A8A-4772-BCBD-6D303A9B4248}.Debug|Any CPU.ActiveCfg = Debug|Any CPU
		{C919AF5A-1A8A-4772-BCBD-6D303A9B4248}.Debug|Any CPU.Build.0 = Debug|Any CPU
		{C919AF5A-1A8A-4772-BCBD-6D303A9B4248}.Release|Any CPU.ActiveCfg = Release|Any CPU
		{C919AF5A-1A8A-4772-BCBD-6D303A9B4248}.Release|Any CPU.Build.0 = Release|Any CPU
		{D008DD9C-D461-4199-BF43-0BD30366D28A}.Debug|Any CPU.ActiveCfg = Debug|Any CPU
		{D008DD9C-D461-4199-BF43-0BD30366D28A}.Debug|Any CPU.Build.0 = Debug|Any CPU
		{D008DD9C-D461-4199-BF43-0BD30366D28A}.Release|Any CPU.ActiveCfg = Release|Any CPU
		{D008DD9C-D461-4199-BF43-0BD30366D28A}.Release|Any CPU.Build.0 = Release|Any CPU
		{0148A6DB-FA01-4E91-B726-BA76C143D0A3}.Debug|Any CPU.ActiveCfg = Debug|Any CPU
		{0148A6DB-FA01-4E91-B726-BA76C143D0A3}.Debug|Any CPU.Build.0 = Debug|Any CPU
		{0148A6DB-FA01-4E91-B726-BA76C143D0A3}.Release|Any CPU.ActiveCfg = Release|Any CPU
		{0148A6DB-FA01-4E91-B726-BA76C143D0A3}.Release|Any CPU.Build.0 = Release|Any CPU
		{43B6728D-BD13-48BF-89EF-CAA211F3389C}.Debug|Any CPU.ActiveCfg = Debug|Any CPU
		{43B6728D-BD13-48BF-89EF-CAA211F3389C}.Debug|Any CPU.Build.0 = Debug|Any CPU
		{43B6728D-BD13-48BF-89EF-CAA211F3389C}.Release|Any CPU.ActiveCfg = Release|Any CPU
		{43B6728D-BD13-48BF-89EF-CAA211F3389C}.Release|Any CPU.Build.0 = Release|Any CPU
		{DF7293DA-5A0C-43AC-B736-ADD2C8E60947}.Debug|Any CPU.ActiveCfg = Debug|Any CPU
		{DF7293DA-5A0C-43AC-B736-ADD2C8E60947}.Debug|Any CPU.Build.0 = Debug|Any CPU
		{DF7293DA-5A0C-43AC-B736-ADD2C8E60947}.Release|Any CPU.ActiveCfg = Release|Any CPU
		{DF7293DA-5A0C-43AC-B736-ADD2C8E60947}.Release|Any CPU.Build.0 = Release|Any CPU
		{1D60F837-C3AC-4A23-82F4-A1D81CBFD36D}.Debug|Any CPU.ActiveCfg = Debug|Any CPU
		{1D60F837-C3AC-4A23-82F4-A1D81CBFD36D}.Debug|Any CPU.Build.0 = Debug|Any CPU
		{1D60F837-C3AC-4A23-82F4-A1D81CBFD36D}.Release|Any CPU.ActiveCfg = Release|Any CPU
		{1D60F837-C3AC-4A23-82F4-A1D81CBFD36D}.Release|Any CPU.Build.0 = Release|Any CPU
		{78631EC8-767E-4882-9B60-E0B5A3E08836}.Debug|Any CPU.ActiveCfg = Debug|Any CPU
		{78631EC8-767E-4882-9B60-E0B5A3E08836}.Debug|Any CPU.Build.0 = Debug|Any CPU
		{78631EC8-767E-4882-9B60-E0B5A3E08836}.Release|Any CPU.ActiveCfg = Release|Any CPU
		{78631EC8-767E-4882-9B60-E0B5A3E08836}.Release|Any CPU.Build.0 = Release|Any CPU
		{493E3937-13CD-4259-B30D-26ECD64DAA62}.Debug|Any CPU.ActiveCfg = Debug|Any CPU
		{493E3937-13CD-4259-B30D-26ECD64DAA62}.Debug|Any CPU.Build.0 = Debug|Any CPU
		{493E3937-13CD-4259-B30D-26ECD64DAA62}.Release|Any CPU.ActiveCfg = Release|Any CPU
		{493E3937-13CD-4259-B30D-26ECD64DAA62}.Release|Any CPU.Build.0 = Release|Any CPU
		{DD3985BF-8295-4FC2-8554-CED83284E0DB}.Debug|Any CPU.ActiveCfg = Debug|Any CPU
		{DD3985BF-8295-4FC2-8554-CED83284E0DB}.Debug|Any CPU.Build.0 = Debug|Any CPU
		{DD3985BF-8295-4FC2-8554-CED83284E0DB}.Release|Any CPU.ActiveCfg = Release|Any CPU
		{DD3985BF-8295-4FC2-8554-CED83284E0DB}.Release|Any CPU.Build.0 = Release|Any CPU
		{305A6E59-24FB-47B7-B3F4-12F3318D7528}.Debug|Any CPU.ActiveCfg = Debug|Any CPU
		{305A6E59-24FB-47B7-B3F4-12F3318D7528}.Debug|Any CPU.Build.0 = Debug|Any CPU
		{305A6E59-24FB-47B7-B3F4-12F3318D7528}.Release|Any CPU.ActiveCfg = Release|Any CPU
		{305A6E59-24FB-47B7-B3F4-12F3318D7528}.Release|Any CPU.Build.0 = Release|Any CPU
		{0F08D1D9-6F22-4EEF-ABB4-3FBD4FB99FA3}.Debug|Any CPU.ActiveCfg = Debug|Any CPU
		{0F08D1D9-6F22-4EEF-ABB4-3FBD4FB99FA3}.Debug|Any CPU.Build.0 = Debug|Any CPU
		{0F08D1D9-6F22-4EEF-ABB4-3FBD4FB99FA3}.Release|Any CPU.ActiveCfg = Release|Any CPU
		{0F08D1D9-6F22-4EEF-ABB4-3FBD4FB99FA3}.Release|Any CPU.Build.0 = Release|Any CPU
		{E95667C3-2D9E-48E2-B9D9-F4FC1F04816E}.Debug|Any CPU.ActiveCfg = Debug|Any CPU
		{E95667C3-2D9E-48E2-B9D9-F4FC1F04816E}.Debug|Any CPU.Build.0 = Debug|Any CPU
		{E95667C3-2D9E-48E2-B9D9-F4FC1F04816E}.Release|Any CPU.ActiveCfg = Release|Any CPU
		{E95667C3-2D9E-48E2-B9D9-F4FC1F04816E}.Release|Any CPU.Build.0 = Release|Any CPU
		{B667F972-65E7-401E-BF22-BB84E62D3CCA}.Debug|Any CPU.ActiveCfg = Debug|Any CPU
		{B667F972-65E7-401E-BF22-BB84E62D3CCA}.Debug|Any CPU.Build.0 = Debug|Any CPU
		{B667F972-65E7-401E-BF22-BB84E62D3CCA}.Release|Any CPU.ActiveCfg = Release|Any CPU
		{B667F972-65E7-401E-BF22-BB84E62D3CCA}.Release|Any CPU.Build.0 = Release|Any CPU
		{53C143CB-33D7-4C1A-9335-6E87D8DC9618}.Debug|Any CPU.ActiveCfg = Debug|Any CPU
		{53C143CB-33D7-4C1A-9335-6E87D8DC9618}.Debug|Any CPU.Build.0 = Debug|Any CPU
		{53C143CB-33D7-4C1A-9335-6E87D8DC9618}.Release|Any CPU.ActiveCfg = Release|Any CPU
		{53C143CB-33D7-4C1A-9335-6E87D8DC9618}.Release|Any CPU.Build.0 = Release|Any CPU
		{08F630EF-D47A-46EB-903F-540C40258C4E}.Debug|Any CPU.ActiveCfg = Debug|Any CPU
		{08F630EF-D47A-46EB-903F-540C40258C4E}.Debug|Any CPU.Build.0 = Debug|Any CPU
		{08F630EF-D47A-46EB-903F-540C40258C4E}.Release|Any CPU.ActiveCfg = Release|Any CPU
		{08F630EF-D47A-46EB-903F-540C40258C4E}.Release|Any CPU.Build.0 = Release|Any CPU
		{6452E3D9-96BC-4966-A8D7-B8EE92361F3C}.Debug|Any CPU.ActiveCfg = Debug|Any CPU
		{6452E3D9-96BC-4966-A8D7-B8EE92361F3C}.Debug|Any CPU.Build.0 = Debug|Any CPU
		{6452E3D9-96BC-4966-A8D7-B8EE92361F3C}.Release|Any CPU.ActiveCfg = Release|Any CPU
		{6452E3D9-96BC-4966-A8D7-B8EE92361F3C}.Release|Any CPU.Build.0 = Release|Any CPU
		{0CD7260F-C11A-46D6-976D-68A039AF2F0F}.Debug|Any CPU.ActiveCfg = Debug|Any CPU
		{0CD7260F-C11A-46D6-976D-68A039AF2F0F}.Debug|Any CPU.Build.0 = Debug|Any CPU
		{0CD7260F-C11A-46D6-976D-68A039AF2F0F}.Release|Any CPU.ActiveCfg = Release|Any CPU
		{0CD7260F-C11A-46D6-976D-68A039AF2F0F}.Release|Any CPU.Build.0 = Release|Any CPU
		{2645D43C-24D7-4B5B-BDB0-9D55FBB76466}.Debug|Any CPU.ActiveCfg = Debug|Any CPU
		{2645D43C-24D7-4B5B-BDB0-9D55FBB76466}.Debug|Any CPU.Build.0 = Debug|Any CPU
		{2645D43C-24D7-4B5B-BDB0-9D55FBB76466}.Release|Any CPU.ActiveCfg = Release|Any CPU
		{2645D43C-24D7-4B5B-BDB0-9D55FBB76466}.Release|Any CPU.Build.0 = Release|Any CPU
		{0EC06393-F52F-4CFA-94B5-2279F4EC1435}.Debug|Any CPU.ActiveCfg = Debug|Any CPU
		{0EC06393-F52F-4CFA-94B5-2279F4EC1435}.Debug|Any CPU.Build.0 = Debug|Any CPU
		{0EC06393-F52F-4CFA-94B5-2279F4EC1435}.Release|Any CPU.ActiveCfg = Release|Any CPU
		{0EC06393-F52F-4CFA-94B5-2279F4EC1435}.Release|Any CPU.Build.0 = Release|Any CPU
		{727C84D4-D88C-4F32-9D4F-6F5DBCC1BAAD}.Debug|Any CPU.ActiveCfg = Debug|Any CPU
		{727C84D4-D88C-4F32-9D4F-6F5DBCC1BAAD}.Debug|Any CPU.Build.0 = Debug|Any CPU
		{727C84D4-D88C-4F32-9D4F-6F5DBCC1BAAD}.Release|Any CPU.ActiveCfg = Release|Any CPU
		{727C84D4-D88C-4F32-9D4F-6F5DBCC1BAAD}.Release|Any CPU.Build.0 = Release|Any CPU
		{24C4EB26-4DDC-41C4-BAE9-D8281751C5E7}.Debug|Any CPU.ActiveCfg = Debug|Any CPU
		{24C4EB26-4DDC-41C4-BAE9-D8281751C5E7}.Debug|Any CPU.Build.0 = Debug|Any CPU
		{24C4EB26-4DDC-41C4-BAE9-D8281751C5E7}.Release|Any CPU.ActiveCfg = Release|Any CPU
		{24C4EB26-4DDC-41C4-BAE9-D8281751C5E7}.Release|Any CPU.Build.0 = Release|Any CPU
		{4D13F7ED-8230-483F-A506-B07AC6EE1128}.Debug|Any CPU.ActiveCfg = Debug|Any CPU
		{4D13F7ED-8230-483F-A506-B07AC6EE1128}.Debug|Any CPU.Build.0 = Debug|Any CPU
		{4D13F7ED-8230-483F-A506-B07AC6EE1128}.Release|Any CPU.ActiveCfg = Release|Any CPU
		{4D13F7ED-8230-483F-A506-B07AC6EE1128}.Release|Any CPU.Build.0 = Release|Any CPU
		{C1404D26-2D2E-44A9-A6E8-423540E12ABA}.Debug|Any CPU.ActiveCfg = Debug|Any CPU
		{C1404D26-2D2E-44A9-A6E8-423540E12ABA}.Debug|Any CPU.Build.0 = Debug|Any CPU
		{C1404D26-2D2E-44A9-A6E8-423540E12ABA}.Release|Any CPU.ActiveCfg = Release|Any CPU
		{C1404D26-2D2E-44A9-A6E8-423540E12ABA}.Release|Any CPU.Build.0 = Release|Any CPU
		{90DA6CCE-8E33-4ADC-AA02-033277CBAF17}.Debug|Any CPU.ActiveCfg = Debug|Any CPU
		{90DA6CCE-8E33-4ADC-AA02-033277CBAF17}.Debug|Any CPU.Build.0 = Debug|Any CPU
		{90DA6CCE-8E33-4ADC-AA02-033277CBAF17}.Release|Any CPU.ActiveCfg = Release|Any CPU
		{90DA6CCE-8E33-4ADC-AA02-033277CBAF17}.Release|Any CPU.Build.0 = Release|Any CPU
		{2A320CFC-EFF6-49D4-9AE2-680DBA6B5E20}.Debug|Any CPU.ActiveCfg = Debug|Any CPU
		{2A320CFC-EFF6-49D4-9AE2-680DBA6B5E20}.Debug|Any CPU.Build.0 = Debug|Any CPU
		{2A320CFC-EFF6-49D4-9AE2-680DBA6B5E20}.Release|Any CPU.ActiveCfg = Release|Any CPU
		{2A320CFC-EFF6-49D4-9AE2-680DBA6B5E20}.Release|Any CPU.Build.0 = Release|Any CPU
		{C25E33F3-3EAF-4EA5-AED3-A694912F61E7}.Debug|Any CPU.ActiveCfg = Debug|Any CPU
		{C25E33F3-3EAF-4EA5-AED3-A694912F61E7}.Debug|Any CPU.Build.0 = Debug|Any CPU
		{C25E33F3-3EAF-4EA5-AED3-A694912F61E7}.Release|Any CPU.ActiveCfg = Release|Any CPU
		{C25E33F3-3EAF-4EA5-AED3-A694912F61E7}.Release|Any CPU.Build.0 = Release|Any CPU
		{FC6AE4D0-D4E8-4935-A8CD-6F208473DFF8}.Debug|Any CPU.ActiveCfg = Debug|Any CPU
		{FC6AE4D0-D4E8-4935-A8CD-6F208473DFF8}.Debug|Any CPU.Build.0 = Debug|Any CPU
		{FC6AE4D0-D4E8-4935-A8CD-6F208473DFF8}.Release|Any CPU.ActiveCfg = Release|Any CPU
		{FC6AE4D0-D4E8-4935-A8CD-6F208473DFF8}.Release|Any CPU.Build.0 = Release|Any CPU
		{79E4F5B6-615A-4C50-A921-91A84183386C}.Debug|Any CPU.ActiveCfg = Debug|Any CPU
		{79E4F5B6-615A-4C50-A921-91A84183386C}.Debug|Any CPU.Build.0 = Debug|Any CPU
		{79E4F5B6-615A-4C50-A921-91A84183386C}.Release|Any CPU.ActiveCfg = Release|Any CPU
		{79E4F5B6-615A-4C50-A921-91A84183386C}.Release|Any CPU.Build.0 = Release|Any CPU
		{0B8EC19E-4D53-4859-A444-3C7A2C48B9E1}.Debug|Any CPU.ActiveCfg = Debug|Any CPU
		{0B8EC19E-4D53-4859-A444-3C7A2C48B9E1}.Debug|Any CPU.Build.0 = Debug|Any CPU
		{0B8EC19E-4D53-4859-A444-3C7A2C48B9E1}.Release|Any CPU.ActiveCfg = Release|Any CPU
		{0B8EC19E-4D53-4859-A444-3C7A2C48B9E1}.Release|Any CPU.Build.0 = Release|Any CPU
		{F8FA32AA-9FF8-4CEF-BFBF-B94FE74145CB}.Debug|Any CPU.ActiveCfg = Debug|Any CPU
		{F8FA32AA-9FF8-4CEF-BFBF-B94FE74145CB}.Debug|Any CPU.Build.0 = Debug|Any CPU
		{F8FA32AA-9FF8-4CEF-BFBF-B94FE74145CB}.Release|Any CPU.ActiveCfg = Release|Any CPU
		{F8FA32AA-9FF8-4CEF-BFBF-B94FE74145CB}.Release|Any CPU.Build.0 = Release|Any CPU
		{97EEA966-3767-4F1D-A81B-A80798FD3FA6}.Debug|Any CPU.ActiveCfg = Debug|Any CPU
		{97EEA966-3767-4F1D-A81B-A80798FD3FA6}.Debug|Any CPU.Build.0 = Debug|Any CPU
		{97EEA966-3767-4F1D-A81B-A80798FD3FA6}.Release|Any CPU.ActiveCfg = Release|Any CPU
		{97EEA966-3767-4F1D-A81B-A80798FD3FA6}.Release|Any CPU.Build.0 = Release|Any CPU
		{BC2EBFA5-47CC-4CD1-B722-415FC7EE5AE9}.Debug|Any CPU.ActiveCfg = Debug|Any CPU
		{BC2EBFA5-47CC-4CD1-B722-415FC7EE5AE9}.Debug|Any CPU.Build.0 = Debug|Any CPU
		{BC2EBFA5-47CC-4CD1-B722-415FC7EE5AE9}.Release|Any CPU.ActiveCfg = Release|Any CPU
		{BC2EBFA5-47CC-4CD1-B722-415FC7EE5AE9}.Release|Any CPU.Build.0 = Release|Any CPU
		{2FDB4EF5-C3FC-44DD-A0E4-9AE6F0ECD6F1}.Debug|Any CPU.ActiveCfg = Debug|Any CPU
		{2FDB4EF5-C3FC-44DD-A0E4-9AE6F0ECD6F1}.Debug|Any CPU.Build.0 = Debug|Any CPU
		{2FDB4EF5-C3FC-44DD-A0E4-9AE6F0ECD6F1}.Release|Any CPU.ActiveCfg = Release|Any CPU
		{2FDB4EF5-C3FC-44DD-A0E4-9AE6F0ECD6F1}.Release|Any CPU.Build.0 = Release|Any CPU
		{00747FAF-A115-4D37-83BA-562564B2BD58}.Debug|Any CPU.ActiveCfg = Debug|Any CPU
		{00747FAF-A115-4D37-83BA-562564B2BD58}.Debug|Any CPU.Build.0 = Debug|Any CPU
		{00747FAF-A115-4D37-83BA-562564B2BD58}.Release|Any CPU.ActiveCfg = Release|Any CPU
		{00747FAF-A115-4D37-83BA-562564B2BD58}.Release|Any CPU.Build.0 = Release|Any CPU
		{04813D11-F759-4EDC-BC37-958A69296CD8}.Debug|Any CPU.ActiveCfg = Debug|Any CPU
		{04813D11-F759-4EDC-BC37-958A69296CD8}.Debug|Any CPU.Build.0 = Debug|Any CPU
		{04813D11-F759-4EDC-BC37-958A69296CD8}.Release|Any CPU.ActiveCfg = Release|Any CPU
		{04813D11-F759-4EDC-BC37-958A69296CD8}.Release|Any CPU.Build.0 = Release|Any CPU
		{20AFC55D-B46E-40DC-B510-7F9156988F06}.Debug|Any CPU.ActiveCfg = Debug|Any CPU
		{20AFC55D-B46E-40DC-B510-7F9156988F06}.Debug|Any CPU.Build.0 = Debug|Any CPU
		{20AFC55D-B46E-40DC-B510-7F9156988F06}.Release|Any CPU.ActiveCfg = Release|Any CPU
		{20AFC55D-B46E-40DC-B510-7F9156988F06}.Release|Any CPU.Build.0 = Release|Any CPU
		{C635F259-D56F-41AD-BBEB-631E7C8DD153}.Debug|Any CPU.ActiveCfg = Debug|Any CPU
		{C635F259-D56F-41AD-BBEB-631E7C8DD153}.Debug|Any CPU.Build.0 = Debug|Any CPU
		{C635F259-D56F-41AD-BBEB-631E7C8DD153}.Release|Any CPU.ActiveCfg = Release|Any CPU
		{C635F259-D56F-41AD-BBEB-631E7C8DD153}.Release|Any CPU.Build.0 = Release|Any CPU
		{79656CBF-2042-429E-A519-907CE4E37816}.Debug|Any CPU.ActiveCfg = Debug|Any CPU
		{79656CBF-2042-429E-A519-907CE4E37816}.Debug|Any CPU.Build.0 = Debug|Any CPU
		{79656CBF-2042-429E-A519-907CE4E37816}.Release|Any CPU.ActiveCfg = Release|Any CPU
		{79656CBF-2042-429E-A519-907CE4E37816}.Release|Any CPU.Build.0 = Release|Any CPU
		{001EB375-81BB-41B0-BE69-D0066BD15534}.Debug|Any CPU.ActiveCfg = Debug|Any CPU
		{001EB375-81BB-41B0-BE69-D0066BD15534}.Debug|Any CPU.Build.0 = Debug|Any CPU
		{001EB375-81BB-41B0-BE69-D0066BD15534}.Release|Any CPU.ActiveCfg = Release|Any CPU
		{001EB375-81BB-41B0-BE69-D0066BD15534}.Release|Any CPU.Build.0 = Release|Any CPU
		{7C5BBCAF-F8BC-42A9-BDBC-9B5CEF36F4F5}.Debug|Any CPU.ActiveCfg = Debug|Any CPU
		{7C5BBCAF-F8BC-42A9-BDBC-9B5CEF36F4F5}.Debug|Any CPU.Build.0 = Debug|Any CPU
		{7C5BBCAF-F8BC-42A9-BDBC-9B5CEF36F4F5}.Release|Any CPU.ActiveCfg = Release|Any CPU
		{7C5BBCAF-F8BC-42A9-BDBC-9B5CEF36F4F5}.Release|Any CPU.Build.0 = Release|Any CPU
		{82B6EDEC-8498-49C2-9605-5D12EF17348D}.Debug|Any CPU.ActiveCfg = Debug|Any CPU
		{82B6EDEC-8498-49C2-9605-5D12EF17348D}.Debug|Any CPU.Build.0 = Debug|Any CPU
		{82B6EDEC-8498-49C2-9605-5D12EF17348D}.Release|Any CPU.ActiveCfg = Release|Any CPU
		{82B6EDEC-8498-49C2-9605-5D12EF17348D}.Release|Any CPU.Build.0 = Release|Any CPU
		{B4A826B4-9463-453B-BDBC-AFD10CDE0484}.Debug|Any CPU.ActiveCfg = Debug|Any CPU
		{B4A826B4-9463-453B-BDBC-AFD10CDE0484}.Debug|Any CPU.Build.0 = Debug|Any CPU
		{B4A826B4-9463-453B-BDBC-AFD10CDE0484}.Release|Any CPU.ActiveCfg = Release|Any CPU
		{B4A826B4-9463-453B-BDBC-AFD10CDE0484}.Release|Any CPU.Build.0 = Release|Any CPU
		{B80FB0FA-9002-4B99-BC98-E66C89731AD5}.Debug|Any CPU.ActiveCfg = Debug|Any CPU
		{B80FB0FA-9002-4B99-BC98-E66C89731AD5}.Debug|Any CPU.Build.0 = Debug|Any CPU
		{B80FB0FA-9002-4B99-BC98-E66C89731AD5}.Release|Any CPU.ActiveCfg = Release|Any CPU
		{B80FB0FA-9002-4B99-BC98-E66C89731AD5}.Release|Any CPU.Build.0 = Release|Any CPU
		{84270408-D72D-4ED5-8379-FBA572ACEA24}.Debug|Any CPU.ActiveCfg = Debug|Any CPU
		{84270408-D72D-4ED5-8379-FBA572ACEA24}.Debug|Any CPU.Build.0 = Debug|Any CPU
		{84270408-D72D-4ED5-8379-FBA572ACEA24}.Release|Any CPU.ActiveCfg = Release|Any CPU
		{84270408-D72D-4ED5-8379-FBA572ACEA24}.Release|Any CPU.Build.0 = Release|Any CPU
		{CD26EF73-42C3-405B-8BC9-F77253E65292}.Debug|Any CPU.ActiveCfg = Debug|Any CPU
		{CD26EF73-42C3-405B-8BC9-F77253E65292}.Debug|Any CPU.Build.0 = Debug|Any CPU
		{CD26EF73-42C3-405B-8BC9-F77253E65292}.Release|Any CPU.ActiveCfg = Release|Any CPU
		{CD26EF73-42C3-405B-8BC9-F77253E65292}.Release|Any CPU.Build.0 = Release|Any CPU
		{C2310DC4-BF1A-4499-ADC8-17D635A9270A}.Debug|Any CPU.ActiveCfg = Debug|Any CPU
		{C2310DC4-BF1A-4499-ADC8-17D635A9270A}.Debug|Any CPU.Build.0 = Debug|Any CPU
		{C2310DC4-BF1A-4499-ADC8-17D635A9270A}.Release|Any CPU.ActiveCfg = Release|Any CPU
		{C2310DC4-BF1A-4499-ADC8-17D635A9270A}.Release|Any CPU.Build.0 = Release|Any CPU
		{22D7CF35-401D-47BE-AAD9-C2DC9E7585BE}.Debug|Any CPU.ActiveCfg = Debug|Any CPU
		{22D7CF35-401D-47BE-AAD9-C2DC9E7585BE}.Debug|Any CPU.Build.0 = Debug|Any CPU
		{22D7CF35-401D-47BE-AAD9-C2DC9E7585BE}.Release|Any CPU.ActiveCfg = Release|Any CPU
		{22D7CF35-401D-47BE-AAD9-C2DC9E7585BE}.Release|Any CPU.Build.0 = Release|Any CPU
		{6889DF15-0985-4C01-A906-8891F293E725}.Debug|Any CPU.ActiveCfg = Debug|Any CPU
		{6889DF15-0985-4C01-A906-8891F293E725}.Debug|Any CPU.Build.0 = Debug|Any CPU
		{6889DF15-0985-4C01-A906-8891F293E725}.Release|Any CPU.ActiveCfg = Release|Any CPU
		{6889DF15-0985-4C01-A906-8891F293E725}.Release|Any CPU.Build.0 = Release|Any CPU
		{A9F1BFEB-0CA9-4F02-8AD4-D9EB65A8035E}.Debug|Any CPU.ActiveCfg = Debug|Any CPU
		{A9F1BFEB-0CA9-4F02-8AD4-D9EB65A8035E}.Debug|Any CPU.Build.0 = Debug|Any CPU
		{A9F1BFEB-0CA9-4F02-8AD4-D9EB65A8035E}.Release|Any CPU.ActiveCfg = Release|Any CPU
		{A9F1BFEB-0CA9-4F02-8AD4-D9EB65A8035E}.Release|Any CPU.Build.0 = Release|Any CPU
		{B95C0DEB-3EA6-4B00-B1D8-2599B4C81684}.Debug|Any CPU.ActiveCfg = Debug|Any CPU
		{B95C0DEB-3EA6-4B00-B1D8-2599B4C81684}.Debug|Any CPU.Build.0 = Debug|Any CPU
		{B95C0DEB-3EA6-4B00-B1D8-2599B4C81684}.Release|Any CPU.ActiveCfg = Release|Any CPU
		{B95C0DEB-3EA6-4B00-B1D8-2599B4C81684}.Release|Any CPU.Build.0 = Release|Any CPU
		{E61E0DCA-9FD6-46C7-9446-C4FFF5FDED75}.Debug|Any CPU.ActiveCfg = Debug|Any CPU
		{E61E0DCA-9FD6-46C7-9446-C4FFF5FDED75}.Debug|Any CPU.Build.0 = Debug|Any CPU
		{E61E0DCA-9FD6-46C7-9446-C4FFF5FDED75}.Release|Any CPU.ActiveCfg = Release|Any CPU
		{E61E0DCA-9FD6-46C7-9446-C4FFF5FDED75}.Release|Any CPU.Build.0 = Release|Any CPU
		{EE6B5E23-E91C-489A-87FB-9BCEEADFA7DF}.Debug|Any CPU.ActiveCfg = Debug|Any CPU
		{EE6B5E23-E91C-489A-87FB-9BCEEADFA7DF}.Debug|Any CPU.Build.0 = Debug|Any CPU
		{EE6B5E23-E91C-489A-87FB-9BCEEADFA7DF}.Release|Any CPU.ActiveCfg = Release|Any CPU
		{EE6B5E23-E91C-489A-87FB-9BCEEADFA7DF}.Release|Any CPU.Build.0 = Release|Any CPU
		{92C3EE29-6BE6-499D-9187-2A65F380AB26}.Debug|Any CPU.ActiveCfg = Debug|Any CPU
		{92C3EE29-6BE6-499D-9187-2A65F380AB26}.Debug|Any CPU.Build.0 = Debug|Any CPU
		{92C3EE29-6BE6-499D-9187-2A65F380AB26}.Release|Any CPU.ActiveCfg = Release|Any CPU
		{92C3EE29-6BE6-499D-9187-2A65F380AB26}.Release|Any CPU.Build.0 = Release|Any CPU
		{20A1DDF0-1BAF-4B7D-BB7E-01DA1698D973}.Debug|Any CPU.ActiveCfg = Debug|Any CPU
		{20A1DDF0-1BAF-4B7D-BB7E-01DA1698D973}.Debug|Any CPU.Build.0 = Debug|Any CPU
		{20A1DDF0-1BAF-4B7D-BB7E-01DA1698D973}.Release|Any CPU.ActiveCfg = Release|Any CPU
		{20A1DDF0-1BAF-4B7D-BB7E-01DA1698D973}.Release|Any CPU.Build.0 = Release|Any CPU
	EndGlobalSection
	GlobalSection(SolutionProperties) = preSolution
		HideSolutionNode = FALSE
	EndGlobalSection
	GlobalSection(ExtensibilityGlobals) = postSolution
		SolutionGuid = {62E8A8EC-602D-45A7-A66D-F15170D7F8AE}
	EndGlobalSection
EndGlobal
